// !$*UTF8*$!
{
	archiveVersion = 1;
	classes = {
	};
	objectVersion = 46;
	objects = {

/* Begin PBXBuildFile section */
		B105A09E1CB60533000F805A /* main.m in Sources */ = {isa = PBXBuildFile; fileRef = B105A09D1CB60533000F805A /* main.m */; };
		B105A0A11CB60533000F805A /* AppDelegate.m in Sources */ = {isa = PBXBuildFile; fileRef = B105A0A01CB60533000F805A /* AppDelegate.m */; };
		B105A0A41CB60533000F805A /* ViewController.m in Sources */ = {isa = PBXBuildFile; fileRef = B105A0A31CB60533000F805A /* ViewController.m */; };
		B105A0A71CB60533000F805A /* Main.storyboard in Resources */ = {isa = PBXBuildFile; fileRef = B105A0A51CB60533000F805A /* Main.storyboard */; };
		B105A0A91CB60533000F805A /* Assets.xcassets in Resources */ = {isa = PBXBuildFile; fileRef = B105A0A81CB60533000F805A /* Assets.xcassets */; };
		B105A0AC1CB60533000F805A /* LaunchScreen.storyboard in Resources */ = {isa = PBXBuildFile; fileRef = B105A0AA1CB60533000F805A /* LaunchScreen.storyboard */; };
		B105A0B71CB60533000F805A /* __GLKView__Tests.m in Sources */ = {isa = PBXBuildFile; fileRef = B105A0B61CB60533000F805A /* __GLKView__Tests.m */; };
		B105A0C21CB60533000F805A /* __GLKView__UITests.m in Sources */ = {isa = PBXBuildFile; fileRef = B105A0C11CB60533000F805A /* __GLKView__UITests.m */; };
/* End PBXBuildFile section */

/* Begin PBXContainerItemProxy section */
		B105A0B31CB60533000F805A /* PBXContainerItemProxy */ = {
			isa = PBXContainerItemProxy;
			containerPortal = B105A0911CB60533000F805A /* Project object */;
			proxyType = 1;
			remoteGlobalIDString = B105A0981CB60533000F805A;
			remoteInfo = "基础GLKView练习";
		};
		B105A0BE1CB60533000F805A /* PBXContainerItemProxy */ = {
			isa = PBXContainerItemProxy;
			containerPortal = B105A0911CB60533000F805A /* Project object */;
			proxyType = 1;
			remoteGlobalIDString = B105A0981CB60533000F805A;
			remoteInfo = "基础GLKView练习";
		};
/* End PBXContainerItemProxy section */

/* Begin PBXFileReference section */
		B105A0991CB60533000F805A /* 基础GLKView练习.app */ = {isa = PBXFileReference; explicitFileType = wrapper.application; includeInIndex = 0; path = "基础GLKView练习.app"; sourceTree = BUILT_PRODUCTS_DIR; };
		B105A09D1CB60533000F805A /* main.m */ = {isa = PBXFileReference; lastKnownFileType = sourcecode.c.objc; path = main.m; sourceTree = "<group>"; };
		B105A09F1CB60533000F805A /* AppDelegate.h */ = {isa = PBXFileReference; lastKnownFileType = sourcecode.c.h; path = AppDelegate.h; sourceTree = "<group>"; };
		B105A0A01CB60533000F805A /* AppDelegate.m */ = {isa = PBXFileReference; lastKnownFileType = sourcecode.c.objc; path = AppDelegate.m; sourceTree = "<group>"; };
		B105A0A21CB60533000F805A /* ViewController.h */ = {isa = PBXFileReference; lastKnownFileType = sourcecode.c.h; path = ViewController.h; sourceTree = "<group>"; };
		B105A0A31CB60533000F805A /* ViewController.m */ = {isa = PBXFileReference; lastKnownFileType = sourcecode.c.objc; path = ViewController.m; sourceTree = "<group>"; };
		B105A0A61CB60533000F805A /* Base */ = {isa = PBXFileReference; lastKnownFileType = file.storyboard; name = Base; path = Base.lproj/Main.storyboard; sourceTree = "<group>"; };
		B105A0A81CB60533000F805A /* Assets.xcassets */ = {isa = PBXFileReference; lastKnownFileType = folder.assetcatalog; path = Assets.xcassets; sourceTree = "<group>"; };
		B105A0AB1CB60533000F805A /* Base */ = {isa = PBXFileReference; lastKnownFileType = file.storyboard; name = Base; path = Base.lproj/LaunchScreen.storyboard; sourceTree = "<group>"; };
		B105A0AD1CB60533000F805A /* Info.plist */ = {isa = PBXFileReference; lastKnownFileType = text.plist.xml; path = Info.plist; sourceTree = "<group>"; };
		B105A0B21CB60533000F805A /* 基础GLKView练习Tests.xctest */ = {isa = PBXFileReference; explicitFileType = wrapper.cfbundle; includeInIndex = 0; path = "基础GLKView练习Tests.xctest"; sourceTree = BUILT_PRODUCTS_DIR; };
		B105A0B61CB60533000F805A /* __GLKView__Tests.m */ = {isa = PBXFileReference; lastKnownFileType = sourcecode.c.objc; path = __GLKView__Tests.m; sourceTree = "<group>"; };
		B105A0B81CB60533000F805A /* Info.plist */ = {isa = PBXFileReference; lastKnownFileType = text.plist.xml; path = Info.plist; sourceTree = "<group>"; };
		B105A0BD1CB60533000F805A /* 基础GLKView练习UITests.xctest */ = {isa = PBXFileReference; explicitFileType = wrapper.cfbundle; includeInIndex = 0; path = "基础GLKView练习UITests.xctest"; sourceTree = BUILT_PRODUCTS_DIR; };
		B105A0C11CB60533000F805A /* __GLKView__UITests.m */ = {isa = PBXFileReference; lastKnownFileType = sourcecode.c.objc; path = __GLKView__UITests.m; sourceTree = "<group>"; };
		B105A0C31CB60533000F805A /* Info.plist */ = {isa = PBXFileReference; lastKnownFileType = text.plist.xml; path = Info.plist; sourceTree = "<group>"; };
/* End PBXFileReference section */

/* Begin PBXFrameworksBuildPhase section */
		B105A0961CB60533000F805A /* Frameworks */ = {
			isa = PBXFrameworksBuildPhase;
			buildActionMask = 2147483647;
			files = (
			);
			runOnlyForDeploymentPostprocessing = 0;
		};
		B105A0AF1CB60533000F805A /* Frameworks */ = {
			isa = PBXFrameworksBuildPhase;
			buildActionMask = 2147483647;
			files = (
			);
			runOnlyForDeploymentPostprocessing = 0;
		};
		B105A0BA1CB60533000F805A /* Frameworks */ = {
			isa = PBXFrameworksBuildPhase;
			buildActionMask = 2147483647;
			files = (
			);
			runOnlyForDeploymentPostprocessing = 0;
		};
/* End PBXFrameworksBuildPhase section */

/* Begin PBXGroup section */
		B105A0901CB60533000F805A = {
			isa = PBXGroup;
			children = (
				B105A09B1CB60533000F805A /* 基础GLKView练习 */,
				B105A0B51CB60533000F805A /* 基础GLKView练习Tests */,
				B105A0C01CB60533000F805A /* 基础GLKView练习UITests */,
				B105A09A1CB60533000F805A /* Products */,
			);
			sourceTree = "<group>";
		};
		B105A09A1CB60533000F805A /* Products */ = {
			isa = PBXGroup;
			children = (
				B105A0991CB60533000F805A /* 基础GLKView练习.app */,
				B105A0B21CB60533000F805A /* 基础GLKView练习Tests.xctest */,
				B105A0BD1CB60533000F805A /* 基础GLKView练习UITests.xctest */,
			);
			name = Products;
			sourceTree = "<group>";
		};
		B105A09B1CB60533000F805A /* 基础GLKView练习 */ = {
			isa = PBXGroup;
			children = (
				B105A09F1CB60533000F805A /* AppDelegate.h */,
				B105A0A01CB60533000F805A /* AppDelegate.m */,
				B105A0A21CB60533000F805A /* ViewController.h */,
				B105A0A31CB60533000F805A /* ViewController.m */,
				B105A0A51CB60533000F805A /* Main.storyboard */,
				B105A0A81CB60533000F805A /* Assets.xcassets */,
				B105A0AA1CB60533000F805A /* LaunchScreen.storyboard */,
				B105A0AD1CB60533000F805A /* Info.plist */,
				B105A09C1CB60533000F805A /* Supporting Files */,
			);
			path = "基础GLKView练习";
			sourceTree = "<group>";
		};
		B105A09C1CB60533000F805A /* Supporting Files */ = {
			isa = PBXGroup;
			children = (
				B105A09D1CB60533000F805A /* main.m */,
			);
			name = "Supporting Files";
			sourceTree = "<group>";
		};
		B105A0B51CB60533000F805A /* 基础GLKView练习Tests */ = {
			isa = PBXGroup;
			children = (
				B105A0B61CB60533000F805A /* __GLKView__Tests.m */,
				B105A0B81CB60533000F805A /* Info.plist */,
			);
			path = "基础GLKView练习Tests";
			sourceTree = "<group>";
		};
		B105A0C01CB60533000F805A /* 基础GLKView练习UITests */ = {
			isa = PBXGroup;
			children = (
				B105A0C11CB60533000F805A /* __GLKView__UITests.m */,
				B105A0C31CB60533000F805A /* Info.plist */,
			);
			path = "基础GLKView练习UITests";
			sourceTree = "<group>";
		};
/* End PBXGroup section */

/* Begin PBXNativeTarget section */
		B105A0981CB60533000F805A /* 基础GLKView练习 */ = {
			isa = PBXNativeTarget;
			buildConfigurationList = B105A0C61CB60533000F805A /* Build configuration list for PBXNativeTarget "基础GLKView练习" */;
			buildPhases = (
				B105A0951CB60533000F805A /* Sources */,
				B105A0961CB60533000F805A /* Frameworks */,
				B105A0971CB60533000F805A /* Resources */,
			);
			buildRules = (
			);
			dependencies = (
			);
			name = "基础GLKView练习";
			productName = "基础GLKView练习";
			productReference = B105A0991CB60533000F805A /* 基础GLKView练习.app */;
			productType = "com.apple.product-type.application";
		};
		B105A0B11CB60533000F805A /* 基础GLKView练习Tests */ = {
			isa = PBXNativeTarget;
			buildConfigurationList = B105A0C91CB60533000F805A /* Build configuration list for PBXNativeTarget "基础GLKView练习Tests" */;
			buildPhases = (
				B105A0AE1CB60533000F805A /* Sources */,
				B105A0AF1CB60533000F805A /* Frameworks */,
				B105A0B01CB60533000F805A /* Resources */,
			);
			buildRules = (
			);
			dependencies = (
				B105A0B41CB60533000F805A /* PBXTargetDependency */,
			);
			name = "基础GLKView练习Tests";
			productName = "基础GLKView练习Tests";
			productReference = B105A0B21CB60533000F805A /* 基础GLKView练习Tests.xctest */;
			productType = "com.apple.product-type.bundle.unit-test";
		};
		B105A0BC1CB60533000F805A /* 基础GLKView练习UITests */ = {
			isa = PBXNativeTarget;
			buildConfigurationList = B105A0CC1CB60533000F805A /* Build configuration list for PBXNativeTarget "基础GLKView练习UITests" */;
			buildPhases = (
				B105A0B91CB60533000F805A /* Sources */,
				B105A0BA1CB60533000F805A /* Frameworks */,
				B105A0BB1CB60533000F805A /* Resources */,
			);
			buildRules = (
			);
			dependencies = (
				B105A0BF1CB60533000F805A /* PBXTargetDependency */,
			);
			name = "基础GLKView练习UITests";
			productName = "基础GLKView练习UITests";
			productReference = B105A0BD1CB60533000F805A /* 基础GLKView练习UITests.xctest */;
			productType = "com.apple.product-type.bundle.ui-testing";
		};
/* End PBXNativeTarget section */

/* Begin PBXProject section */
		B105A0911CB60533000F805A /* Project object */ = {
			isa = PBXProject;
			attributes = {
				LastUpgradeCheck = 0730;
				ORGANIZATIONNAME = bstarDev;
				TargetAttributes = {
					B105A0981CB60533000F805A = {
						CreatedOnToolsVersion = 7.3;
					};
					B105A0B11CB60533000F805A = {
						CreatedOnToolsVersion = 7.3;
						TestTargetID = B105A0981CB60533000F805A;
					};
					B105A0BC1CB60533000F805A = {
						CreatedOnToolsVersion = 7.3;
						TestTargetID = B105A0981CB60533000F805A;
					};
				};
			};
			buildConfigurationList = B105A0941CB60533000F805A /* Build configuration list for PBXProject "基础GLKView练习" */;
			compatibilityVersion = "Xcode 3.2";
			developmentRegion = English;
			hasScannedForEncodings = 0;
			knownRegions = (
				en,
				Base,
			);
			mainGroup = B105A0901CB60533000F805A;
			productRefGroup = B105A09A1CB60533000F805A /* Products */;
			projectDirPath = "";
			projectRoot = "";
			targets = (
				B105A0981CB60533000F805A /* 基础GLKView练习 */,
				B105A0B11CB60533000F805A /* 基础GLKView练习Tests */,
				B105A0BC1CB60533000F805A /* 基础GLKView练习UITests */,
			);
		};
/* End PBXProject section */

/* Begin PBXResourcesBuildPhase section */
		B105A0971CB60533000F805A /* Resources */ = {
			isa = PBXResourcesBuildPhase;
			buildActionMask = 2147483647;
			files = (
				B105A0AC1CB60533000F805A /* LaunchScreen.storyboard in Resources */,
				B105A0A91CB60533000F805A /* Assets.xcassets in Resources */,
				B105A0A71CB60533000F805A /* Main.storyboard in Resources */,
			);
			runOnlyForDeploymentPostprocessing = 0;
		};
		B105A0B01CB60533000F805A /* Resources */ = {
			isa = PBXResourcesBuildPhase;
			buildActionMask = 2147483647;
			files = (
			);
			runOnlyForDeploymentPostprocessing = 0;
		};
		B105A0BB1CB60533000F805A /* Resources */ = {
			isa = PBXResourcesBuildPhase;
			buildActionMask = 2147483647;
			files = (
			);
			runOnlyForDeploymentPostprocessing = 0;
		};
/* End PBXResourcesBuildPhase section */

/* Begin PBXSourcesBuildPhase section */
		B105A0951CB60533000F805A /* Sources */ = {
			isa = PBXSourcesBuildPhase;
			buildActionMask = 2147483647;
			files = (
				B105A0A41CB60533000F805A /* ViewController.m in Sources */,
				B105A0A11CB60533000F805A /* AppDelegate.m in Sources */,
				B105A09E1CB60533000F805A /* main.m in Sources */,
			);
			runOnlyForDeploymentPostprocessing = 0;
		};
		B105A0AE1CB60533000F805A /* Sources */ = {
			isa = PBXSourcesBuildPhase;
			buildActionMask = 2147483647;
			files = (
				B105A0B71CB60533000F805A /* __GLKView__Tests.m in Sources */,
			);
			runOnlyForDeploymentPostprocessing = 0;
		};
		B105A0B91CB60533000F805A /* Sources */ = {
			isa = PBXSourcesBuildPhase;
			buildActionMask = 2147483647;
			files = (
				B105A0C21CB60533000F805A /* __GLKView__UITests.m in Sources */,
			);
			runOnlyForDeploymentPostprocessing = 0;
		};
/* End PBXSourcesBuildPhase section */

/* Begin PBXTargetDependency section */
		B105A0B41CB60533000F805A /* PBXTargetDependency */ = {
			isa = PBXTargetDependency;
			target = B105A0981CB60533000F805A /* 基础GLKView练习 */;
			targetProxy = B105A0B31CB60533000F805A /* PBXContainerItemProxy */;
		};
		B105A0BF1CB60533000F805A /* PBXTargetDependency */ = {
			isa = PBXTargetDependency;
			target = B105A0981CB60533000F805A /* 基础GLKView练习 */;
			targetProxy = B105A0BE1CB60533000F805A /* PBXContainerItemProxy */;
		};
/* End PBXTargetDependency section */

/* Begin PBXVariantGroup section */
		B105A0A51CB60533000F805A /* Main.storyboard */ = {
			isa = PBXVariantGroup;
			children = (
				B105A0A61CB60533000F805A /* Base */,
			);
			name = Main.storyboard;
			sourceTree = "<group>";
		};
		B105A0AA1CB60533000F805A /* LaunchScreen.storyboard */ = {
			isa = PBXVariantGroup;
			children = (
				B105A0AB1CB60533000F805A /* Base */,
			);
			name = LaunchScreen.storyboard;
			sourceTree = "<group>";
		};
/* End PBXVariantGroup section */

/* Begin XCBuildConfiguration section */
		B105A0C41CB60533000F805A /* Debug */ = {
			isa = XCBuildConfiguration;
			buildSettings = {
				ALWAYS_SEARCH_USER_PATHS = NO;
				CLANG_ANALYZER_NONNULL = YES;
				CLANG_CXX_LANGUAGE_STANDARD = "gnu++0x";
				CLANG_CXX_LIBRARY = "libc++";
				CLANG_ENABLE_MODULES = YES;
				CLANG_ENABLE_OBJC_ARC = YES;
				CLANG_WARN_BOOL_CONVERSION = YES;
				CLANG_WARN_CONSTANT_CONVERSION = YES;
				CLANG_WARN_DIRECT_OBJC_ISA_USAGE = YES_ERROR;
				CLANG_WARN_EMPTY_BODY = YES;
				CLANG_WARN_ENUM_CONVERSION = YES;
				CLANG_WARN_INT_CONVERSION = YES;
				CLANG_WARN_OBJC_ROOT_CLASS = YES_ERROR;
				CLANG_WARN_UNREACHABLE_CODE = YES;
				CLANG_WARN__DUPLICATE_METHOD_MATCH = YES;
				"CODE_SIGN_IDENTITY[sdk=iphoneos*]" = "iPhone Developer";
				COPY_PHASE_STRIP = NO;
				DEBUG_INFORMATION_FORMAT = dwarf;
				ENABLE_STRICT_OBJC_MSGSEND = YES;
				ENABLE_TESTABILITY = YES;
				GCC_C_LANGUAGE_STANDARD = gnu99;
				GCC_DYNAMIC_NO_PIC = NO;
				GCC_NO_COMMON_BLOCKS = YES;
				GCC_OPTIMIZATION_LEVEL = 0;
				GCC_PREPROCESSOR_DEFINITIONS = (
					"DEBUG=1",
					"$(inherited)",
				);
				GCC_WARN_64_TO_32_BIT_CONVERSION = YES;
				GCC_WARN_ABOUT_RETURN_TYPE = YES_ERROR;
				GCC_WARN_UNDECLARED_SELECTOR = YES;
				GCC_WARN_UNINITIALIZED_AUTOS = YES_AGGRESSIVE;
				GCC_WARN_UNUSED_FUNCTION = YES;
				GCC_WARN_UNUSED_VARIABLE = YES;
				IPHONEOS_DEPLOYMENT_TARGET = 9.3;
				MTL_ENABLE_DEBUG_INFO = YES;
				ONLY_ACTIVE_ARCH = YES;
				SDKROOT = iphoneos;
				TARGETED_DEVICE_FAMILY = "1,2";
			};
			name = Debug;
		};
		B105A0C51CB60533000F805A /* Release */ = {
			isa = XCBuildConfiguration;
			buildSettings = {
				ALWAYS_SEARCH_USER_PATHS = NO;
				CLANG_ANALYZER_NONNULL = YES;
				CLANG_CXX_LANGUAGE_STANDARD = "gnu++0x";
				CLANG_CXX_LIBRARY = "libc++";
				CLANG_ENABLE_MODULES = YES;
				CLANG_ENABLE_OBJC_ARC = YES;
				CLANG_WARN_BOOL_CONVERSION = YES;
				CLANG_WARN_CONSTANT_CONVERSION = YES;
				CLANG_WARN_DIRECT_OBJC_ISA_USAGE = YES_ERROR;
				CLANG_WARN_EMPTY_BODY = YES;
				CLANG_WARN_ENUM_CONVERSION = YES;
				CLANG_WARN_INT_CONVERSION = YES;
				CLANG_WARN_OBJC_ROOT_CLASS = YES_ERROR;
				CLANG_WARN_UNREACHABLE_CODE = YES;
				CLANG_WARN__DUPLICATE_METHOD_MATCH = YES;
				"CODE_SIGN_IDENTITY[sdk=iphoneos*]" = "iPhone Developer";
				COPY_PHASE_STRIP = NO;
				DEBUG_INFORMATION_FORMAT = "dwarf-with-dsym";
				ENABLE_NS_ASSERTIONS = NO;
				ENABLE_STRICT_OBJC_MSGSEND = YES;
				GCC_C_LANGUAGE_STANDARD = gnu99;
				GCC_NO_COMMON_BLOCKS = YES;
				GCC_WARN_64_TO_32_BIT_CONVERSION = YES;
				GCC_WARN_ABOUT_RETURN_TYPE = YES_ERROR;
				GCC_WARN_UNDECLARED_SELECTOR = YES;
				GCC_WARN_UNINITIALIZED_AUTOS = YES_AGGRESSIVE;
				GCC_WARN_UNUSED_FUNCTION = YES;
				GCC_WARN_UNUSED_VARIABLE = YES;
				IPHONEOS_DEPLOYMENT_TARGET = 9.3;
				MTL_ENABLE_DEBUG_INFO = NO;
				SDKROOT = iphoneos;
				TARGETED_DEVICE_FAMILY = "1,2";
				VALIDATE_PRODUCT = YES;
			};
			name = Release;
		};
		B105A0C71CB60533000F805A /* Debug */ = {
			isa = XCBuildConfiguration;
			buildSettings = {
				ASSETCATALOG_COMPILER_APPICON_NAME = AppIcon;
				INFOPLIST_FILE = "基础GLKView练习/Info.plist";
				LD_RUNPATH_SEARCH_PATHS = "$(inherited) @executable_path/Frameworks";
				PRODUCT_BUNDLE_IDENTIFIER = "com.bstar.com.cn.--GLKView--";
				PRODUCT_NAME = "$(TARGET_NAME)";
			};
			name = Debug;
		};
		B105A0C81CB60533000F805A /* Release */ = {
			isa = XCBuildConfiguration;
			buildSettings = {
				ASSETCATALOG_COMPILER_APPICON_NAME = AppIcon;
				INFOPLIST_FILE = "基础GLKView练习/Info.plist";
				LD_RUNPATH_SEARCH_PATHS = "$(inherited) @executable_path/Frameworks";
				PRODUCT_BUNDLE_IDENTIFIER = "com.bstar.com.cn.--GLKView--";
				PRODUCT_NAME = "$(TARGET_NAME)";
			};
			name = Release;
		};
		B105A0CA1CB60533000F805A /* Debug */ = {
			isa = XCBuildConfiguration;
			buildSettings = {
				BUNDLE_LOADER = "$(TEST_HOST)";
				INFOPLIST_FILE = "基础GLKView练习Tests/Info.plist";
				LD_RUNPATH_SEARCH_PATHS = "$(inherited) @executable_path/Frameworks @loader_path/Frameworks";
				PRODUCT_BUNDLE_IDENTIFIER = "com.bstar.com.cn.--GLKView--Tests";
				PRODUCT_NAME = "$(TARGET_NAME)";
				TEST_HOST = "$(BUILT_PRODUCTS_DIR)/基础GLKView练习.app/基础GLKView练习";
			};
			name = Debug;
		};
		B105A0CB1CB60533000F805A /* Release */ = {
			isa = XCBuildConfiguration;
			buildSettings = {
				BUNDLE_LOADER = "$(TEST_HOST)";
				INFOPLIST_FILE = "基础GLKView练习Tests/Info.plist";
				LD_RUNPATH_SEARCH_PATHS = "$(inherited) @executable_path/Frameworks @loader_path/Frameworks";
				PRODUCT_BUNDLE_IDENTIFIER = "com.bstar.com.cn.--GLKView--Tests";
				PRODUCT_NAME = "$(TARGET_NAME)";
				TEST_HOST = "$(BUILT_PRODUCTS_DIR)/基础GLKView练习.app/基础GLKView练习";
			};
			name = Release;
		};
		B105A0CD1CB60533000F805A /* Debug */ = {
			isa = XCBuildConfiguration;
			buildSettings = {
				INFOPLIST_FILE = "基础GLKView练习UITests/Info.plist";
				LD_RUNPATH_SEARCH_PATHS = "$(inherited) @executable_path/Frameworks @loader_path/Frameworks";
				PRODUCT_BUNDLE_IDENTIFIER = "com.bstar.com.cn.--GLKView--UITests";
				PRODUCT_NAME = "$(TARGET_NAME)";
				TEST_TARGET_NAME = "基础GLKView练习";
			};
			name = Debug;
		};
		B105A0CE1CB60533000F805A /* Release */ = {
			isa = XCBuildConfiguration;
			buildSettings = {
				INFOPLIST_FILE = "基础GLKView练习UITests/Info.plist";
				LD_RUNPATH_SEARCH_PATHS = "$(inherited) @executable_path/Frameworks @loader_path/Frameworks";
				PRODUCT_BUNDLE_IDENTIFIER = "com.bstar.com.cn.--GLKView--UITests";
				PRODUCT_NAME = "$(TARGET_NAME)";
				TEST_TARGET_NAME = "基础GLKView练习";
			};
			name = Release;
		};
/* End XCBuildConfiguration section */

/* Begin XCConfigurationList section */
		B105A0941CB60533000F805A /* Build configuration list for PBXProject "基础GLKView练习" */ = {
			isa = XCConfigurationList;
			buildConfigurations = (
				B105A0C41CB60533000F805A /* Debug */,
				B105A0C51CB60533000F805A /* Release */,
			);
			defaultConfigurationIsVisible = 0;
			defaultConfigurationName = Release;
		};
		B105A0C61CB60533000F805A /* Build configuration list for PBXNativeTarget "基础GLKView练习" */ = {
			isa = XCConfigurationList;
			buildConfigurations = (
				B105A0C71CB60533000F805A /* Debug */,
				B105A0C81CB60533000F805A /* Release */,
			);
			defaultConfigurationIsVisible = 0;
		};
		B105A0C91CB60533000F805A /* Build configuration list for PBXNativeTarget "基础GLKView练习Tests" */ = {
			isa = XCConfigurationList;
			buildConfigurations = (
				B105A0CA1CB60533000F805A /* Debug */,
				B105A0CB1CB60533000F805A /* Release */,
			);
			defaultConfigurationIsVisible = 0;
		};
		B105A0CC1CB60533000F805A /* Build configuration list for PBXNativeTarget "基础GLKView练习UITests" */ = {
			isa = XCConfigurationList;
			buildConfigurations = (
				B105A0CD1CB60533000F805A /* Debug */,
				B105A0CE1CB60533000F805A /* Release */,
			);
			defaultConfigurationIsVisible = 0;
		};
/* End XCConfigurationList section */
	};
	rootObject = B105A0911CB60533000F805A /* Project object */;
}
