
Microsoft Visual Studio Solution File, Format Version 12.00
Project("{FAE04EC0-301F-11D3-BF4B-00C04F79EFBC}") = "CanWeFixItApi", "CanWeFixItApi\CanWeFixItApi.csproj", "{F5BE51F2-A6FD-4147-824E-7A2E3DD6984D}"
EndProject
Project("{FAE04EC0-301F-11D3-BF4B-00C04F79EFBC}") = "CanWeFixItService", "CanWeFixItService\CanWeFixItService.csproj", "{BB862D26-613C-4D09-A150-92F1D82AA77F}"
EndProject
Global
	GlobalSection(SolutionConfigurationPlatforms) = preSolution
		Debug|Any CPU = Debug|Any CPU
		Release|Any CPU = Release|Any CPU
	EndGlobalSection
	GlobalSection(ProjectConfigurationPlatforms) = postSolution
		{F5BE51F2-A6FD-4147-824E-7A2E3DD6984D}.Debug|Any CPU.ActiveCfg = Debug|Any CPU
		{F5BE51F2-A6FD-4147-824E-7A2E3DD6984D}.Debug|Any CPU.Build.0 = Debug|Any CPU
		{F5BE51F2-A6FD-4147-824E-7A2E3DD6984D}.Release|Any CPU.ActiveCfg = Release|Any CPU
		{F5BE51F2-A6FD-4147-824E-7A2E3DD6984D}.Release|Any CPU.Build.0 = Release|Any CPU
		{BB862D26-613C-4D09-A150-92F1D82AA77F}.Debug|Any CPU.ActiveCfg = Debug|Any CPU
		{BB862D26-613C-4D09-A150-92F1D82AA77F}.Debug|Any CPU.Build.0 = Debug|Any CPU
		{BB862D26-613C-4D09-A150-92F1D82AA77F}.Release|Any CPU.ActiveCfg = Release|Any CPU
		{BB862D26-613C-4D09-A150-92F1D82AA77F}.Release|Any CPU.Build.0 = Release|Any CPU
	EndGlobalSection
EndGlobal
