
Microsoft Visual Studio Solution File, Format Version 12.00
# Visual Studio 2013
VisualStudioVersion = 12.0.40629.0
MinimumVisualStudioVersion = 10.0.40219.1
Project("{E24C65DC-7377-472B-9ABA-BC803B73C61A}") = "Spoon-Knife", "http://localhost:19842", "{BF125636-9256-414D-9B41-C73809121C97}"
	ProjectSection(WebsiteProperties) = preProject
		UseIISExpress = "true"
		TargetFrameworkMoniker = ".NETFramework,Version%3Dv4.0"
		Debug.AspNetCompiler.VirtualPath = "/localhost_19842"
		Debug.AspNetCompiler.PhysicalPath = "..\..\..\GitHub\Spoon-Knife\"
		Debug.AspNetCompiler.TargetPath = "PrecompiledWeb\localhost_19842\"
		Debug.AspNetCompiler.Updateable = "true"
		Debug.AspNetCompiler.ForceOverwrite = "true"
		Debug.AspNetCompiler.FixedNames = "false"
		Debug.AspNetCompiler.Debug = "True"
		Release.AspNetCompiler.VirtualPath = "/localhost_19842"
		Release.AspNetCompiler.PhysicalPath = "..\..\..\GitHub\Spoon-Knife\"
		Release.AspNetCompiler.TargetPath = "PrecompiledWeb\localhost_19842\"
		Release.AspNetCompiler.Updateable = "true"
		Release.AspNetCompiler.ForceOverwrite = "true"
		Release.AspNetCompiler.FixedNames = "false"
		Release.AspNetCompiler.Debug = "False"
		SlnRelativePath = "..\..\..\GitHub\Spoon-Knife\"
	EndProjectSection
EndProject
Global
	GlobalSection(SolutionConfigurationPlatforms) = preSolution
		Debug|Any CPU = Debug|Any CPU
	EndGlobalSection
	GlobalSection(ProjectConfigurationPlatforms) = postSolution
		{BF125636-9256-414D-9B41-C73809121C97}.Debug|Any CPU.ActiveCfg = Debug|Any CPU
		{BF125636-9256-414D-9B41-C73809121C97}.Debug|Any CPU.Build.0 = Debug|Any CPU
	EndGlobalSection
	GlobalSection(SolutionProperties) = preSolution
		HideSolutionNode = FALSE
	EndGlobalSection
EndGlobal
