
Microsoft Visual Studio Solution File, Format Version 12.00
# Visual Studio 2013
VisualStudioVersion = 12.0.31101.0
MinimumVisualStudioVersion = 10.0.40219.1
Project("{FAE04EC0-301F-11D3-BF4B-00C04F79EFBC}") = "HelloWorld.ConsoleApp", "HelloWorld.ConsoleApp\HelloWorld.ConsoleApp.csproj", "{1A257B4F-1DC1-45BE-B075-6084E550ABFA}"
EndProject
Global
	GlobalSection(SolutionConfigurationPlatforms) = preSolution
		Debug|Any CPU = Debug|Any CPU
		Release|Any CPU = Release|Any CPU
	EndGlobalSection
	GlobalSection(ProjectConfigurationPlatforms) = postSolution
		{1A257B4F-1DC1-45BE-B075-6084E550ABFA}.Debug|Any CPU.ActiveCfg = Debug|Any CPU
		{1A257B4F-1DC1-45BE-B075-6084E550ABFA}.Debug|Any CPU.Build.0 = Debug|Any CPU
		{1A257B4F-1DC1-45BE-B075-6084E550ABFA}.Release|Any CPU.ActiveCfg = Release|Any CPU
		{1A257B4F-1DC1-45BE-B075-6084E550ABFA}.Release|Any CPU.Build.0 = Release|Any CPU
	EndGlobalSection
	GlobalSection(SolutionProperties) = preSolution
		HideSolutionNode = FALSE
	EndGlobalSection
EndGlobal
