
Microsoft Visual Studio Solution File, Format Version 12.00
# Visual Studio 2013
VisualStudioVersion = 12.0.20617.1 PREVIEW
MinimumVisualStudioVersion = 10.0.40219.1
Project("{FAE04EC0-301F-11D3-BF4B-00C04F79EFBC}") = "HelloWorld.ConsoleApp", "HelloWorld.ConsoleApp\HelloWorld.ConsoleApp.csproj", "{F1C2A810-8429-4FA4-AE4F-B4F06AA4ECAB}"
EndProject
Global
	GlobalSection(SolutionConfigurationPlatforms) = preSolution
		Debug|Any CPU = Debug|Any CPU
		Release|Any CPU = Release|Any CPU
	EndGlobalSection
	GlobalSection(ProjectConfigurationPlatforms) = postSolution
		{F1C2A810-8429-4FA4-AE4F-B4F06AA4ECAB}.Debug|Any CPU.ActiveCfg = Debug|Any CPU
		{F1C2A810-8429-4FA4-AE4F-B4F06AA4ECAB}.Debug|Any CPU.Build.0 = Debug|Any CPU
		{F1C2A810-8429-4FA4-AE4F-B4F06AA4ECAB}.Release|Any CPU.ActiveCfg = Release|Any CPU
		{F1C2A810-8429-4FA4-AE4F-B4F06AA4ECAB}.Release|Any CPU.Build.0 = Release|Any CPU
	EndGlobalSection
	GlobalSection(SolutionProperties) = preSolution
		HideSolutionNode = FALSE
	EndGlobalSection
EndGlobal
