
Microsoft Visual Studio Solution File, Format Version 12.00
# Visual Studio 14
VisualStudioVersion = 14.0.24720.0
MinimumVisualStudioVersion = 10.0.40219.1
Project("{FAE04EC0-301F-11D3-BF4B-00C04F79EFBC}") = "HelloWorld.ConsoleApp", "HelloWorld.ConsoleApp\HelloWorld.ConsoleApp.csproj", "{F896B94F-AFA7-4BD8-9162-6B9F3EA4536B}"
EndProject
Global
	GlobalSection(SolutionConfigurationPlatforms) = preSolution
		Debug|Any CPU = Debug|Any CPU
		Release|Any CPU = Release|Any CPU
	EndGlobalSection
	GlobalSection(ProjectConfigurationPlatforms) = postSolution
		{F896B94F-AFA7-4BD8-9162-6B9F3EA4536B}.Debug|Any CPU.ActiveCfg = Debug|Any CPU
		{F896B94F-AFA7-4BD8-9162-6B9F3EA4536B}.Debug|Any CPU.Build.0 = Debug|Any CPU
		{F896B94F-AFA7-4BD8-9162-6B9F3EA4536B}.Release|Any CPU.ActiveCfg = Release|Any CPU
		{F896B94F-AFA7-4BD8-9162-6B9F3EA4536B}.Release|Any CPU.Build.0 = Release|Any CPU
	EndGlobalSection
	GlobalSection(SolutionProperties) = preSolution
		HideSolutionNode = FALSE
	EndGlobalSection
EndGlobal
