
Microsoft Visual Studio Solution File, Format Version 12.00
# Visual Studio 2013
VisualStudioVersion = 12.0.31101.0
MinimumVisualStudioVersion = 10.0.40219.1
Project("{FAE04EC0-301F-11D3-BF4B-00C04F79EFBC}") = "HelloGit", "HelloGit\HelloGit.csproj", "{27D0F067-281C-401E-9258-1665322F5A78}"
EndProject
Global
	GlobalSection(SolutionConfigurationPlatforms) = preSolution
		Debug|Any CPU = Debug|Any CPU
		Release|Any CPU = Release|Any CPU
	EndGlobalSection
	GlobalSection(ProjectConfigurationPlatforms) = postSolution
		{27D0F067-281C-401E-9258-1665322F5A78}.Debug|Any CPU.ActiveCfg = Debug|Any CPU
		{27D0F067-281C-401E-9258-1665322F5A78}.Debug|Any CPU.Build.0 = Debug|Any CPU
		{27D0F067-281C-401E-9258-1665322F5A78}.Release|Any CPU.ActiveCfg = Release|Any CPU
		{27D0F067-281C-401E-9258-1665322F5A78}.Release|Any CPU.Build.0 = Release|Any CPU
	EndGlobalSection
	GlobalSection(SolutionProperties) = preSolution
		HideSolutionNode = FALSE
	EndGlobalSection
EndGlobal
