
Microsoft Visual Studio Solution File, Format Version 12.00
# Visual Studio 14
VisualStudioVersion = 14.0.23107.0
MinimumVisualStudioVersion = 10.0.40219.1
Project("{FAE04EC0-301F-11D3-BF4B-00C04F79EFBC}") = "HolloWorld", "HolloWorld\HolloWorld.csproj", "{B3838B1A-7A80-41E1-9A80-DD9FE7C40753}"
EndProject
Global
	GlobalSection(SolutionConfigurationPlatforms) = preSolution
		Debug|Any CPU = Debug|Any CPU
		Release|Any CPU = Release|Any CPU
	EndGlobalSection
	GlobalSection(ProjectConfigurationPlatforms) = postSolution
		{B3838B1A-7A80-41E1-9A80-DD9FE7C40753}.Debug|Any CPU.ActiveCfg = Debug|Any CPU
		{B3838B1A-7A80-41E1-9A80-DD9FE7C40753}.Debug|Any CPU.Build.0 = Debug|Any CPU
		{B3838B1A-7A80-41E1-9A80-DD9FE7C40753}.Release|Any CPU.ActiveCfg = Release|Any CPU
		{B3838B1A-7A80-41E1-9A80-DD9FE7C40753}.Release|Any CPU.Build.0 = Release|Any CPU
	EndGlobalSection
	GlobalSection(SolutionProperties) = preSolution
		HideSolutionNode = FALSE
	EndGlobalSection
EndGlobal
