// !$*UTF8*$!
{
	archiveVersion = 1;
	classes = {
	};
	objectVersion = 46;
	objects = {

/* Begin PBXBuildFile section */
		5F0D36C91ED40B0F002AEE64 /* AppDelegate.swift in Sources */ = {isa = PBXBuildFile; fileRef = 5F0D36C81ED40B0F002AEE64 /* AppDelegate.swift */; };
		5F0D36CB1ED40B0F002AEE64 /* ViewController.swift in Sources */ = {isa = PBXBuildFile; fileRef = 5F0D36CA1ED40B0F002AEE64 /* ViewController.swift */; };
		5F0D36CE1ED40B0F002AEE64 /* Main.storyboard in Resources */ = {isa = PBXBuildFile; fileRef = 5F0D36CC1ED40B0F002AEE64 /* Main.storyboard */; };
		5F0D36D01ED40B0F002AEE64 /* Assets.xcassets in Resources */ = {isa = PBXBuildFile; fileRef = 5F0D36CF1ED40B0F002AEE64 /* Assets.xcassets */; };
		5F0D36D31ED40B0F002AEE64 /* LaunchScreen.storyboard in Resources */ = {isa = PBXBuildFile; fileRef = 5F0D36D11ED40B0F002AEE64 /* LaunchScreen.storyboard */; };
		5F0D36DE1ED40B0F002AEE64 /* Swift_UITests.swift in Sources */ = {isa = PBXBuildFile; fileRef = 5F0D36DD1ED40B0F002AEE64 /* Swift_UITests.swift */; };
		5F0D36E91ED40B0F002AEE64 /* Swift_UIUITests.swift in Sources */ = {isa = PBXBuildFile; fileRef = 5F0D36E81ED40B0F002AEE64 /* Swift_UIUITests.swift */; };
		5F0D36F71ED41A59002AEE64 /* SecondViewController.swift in Sources */ = {isa = PBXBuildFile; fileRef = 5F0D36F61ED41A59002AEE64 /* SecondViewController.swift */; };
		5F0D36F91ED42D2B002AEE64 /* ThirdViewController.swift in Sources */ = {isa = PBXBuildFile; fileRef = 5F0D36F81ED42D2A002AEE64 /* ThirdViewController.swift */; };
		5FDEA8121ED5244800282D9F /* ZYImageView.m in Sources */ = {isa = PBXBuildFile; fileRef = 5FDEA8111ED5244800282D9F /* ZYImageView.m */; };
		5FDEA8141ED5277700282D9F /* 160PG21006-1.jpg in Resources */ = {isa = PBXBuildFile; fileRef = 5FDEA8131ED5277700282D9F /* 160PG21006-1.jpg */; };
/* End PBXBuildFile section */

/* Begin PBXContainerItemProxy section */
		5F0D36DA1ED40B0F002AEE64 /* PBXContainerItemProxy */ = {
			isa = PBXContainerItemProxy;
			containerPortal = 5F0D36BD1ED40B0F002AEE64 /* Project object */;
			proxyType = 1;
			remoteGlobalIDString = 5F0D36C41ED40B0F002AEE64;
			remoteInfo = Swift_UI;
		};
		5F0D36E51ED40B0F002AEE64 /* PBXContainerItemProxy */ = {
			isa = PBXContainerItemProxy;
			containerPortal = 5F0D36BD1ED40B0F002AEE64 /* Project object */;
			proxyType = 1;
			remoteGlobalIDString = 5F0D36C41ED40B0F002AEE64;
			remoteInfo = Swift_UI;
		};
/* End PBXContainerItemProxy section */

/* Begin PBXFileReference section */
		5F0D36C51ED40B0F002AEE64 /* Swift_UI.app */ = {isa = PBXFileReference; explicitFileType = wrapper.application; includeInIndex = 0; path = Swift_UI.app; sourceTree = BUILT_PRODUCTS_DIR; };
		5F0D36C81ED40B0F002AEE64 /* AppDelegate.swift */ = {isa = PBXFileReference; lastKnownFileType = sourcecode.swift; path = AppDelegate.swift; sourceTree = "<group>"; };
		5F0D36CA1ED40B0F002AEE64 /* ViewController.swift */ = {isa = PBXFileReference; lastKnownFileType = sourcecode.swift; path = ViewController.swift; sourceTree = "<group>"; };
		5F0D36CD1ED40B0F002AEE64 /* Base */ = {isa = PBXFileReference; lastKnownFileType = file.storyboard; name = Base; path = Base.lproj/Main.storyboard; sourceTree = "<group>"; };
		5F0D36CF1ED40B0F002AEE64 /* Assets.xcassets */ = {isa = PBXFileReference; lastKnownFileType = folder.assetcatalog; path = Assets.xcassets; sourceTree = "<group>"; };
		5F0D36D21ED40B0F002AEE64 /* Base */ = {isa = PBXFileReference; lastKnownFileType = file.storyboard; name = Base; path = Base.lproj/LaunchScreen.storyboard; sourceTree = "<group>"; };
		5F0D36D41ED40B0F002AEE64 /* Info.plist */ = {isa = PBXFileReference; lastKnownFileType = text.plist.xml; path = Info.plist; sourceTree = "<group>"; };
		5F0D36D91ED40B0F002AEE64 /* Swift_UITests.xctest */ = {isa = PBXFileReference; explicitFileType = wrapper.cfbundle; includeInIndex = 0; path = Swift_UITests.xctest; sourceTree = BUILT_PRODUCTS_DIR; };
		5F0D36DD1ED40B0F002AEE64 /* Swift_UITests.swift */ = {isa = PBXFileReference; lastKnownFileType = sourcecode.swift; path = Swift_UITests.swift; sourceTree = "<group>"; };
		5F0D36DF1ED40B0F002AEE64 /* Info.plist */ = {isa = PBXFileReference; lastKnownFileType = text.plist.xml; path = Info.plist; sourceTree = "<group>"; };
		5F0D36E41ED40B0F002AEE64 /* Swift_UIUITests.xctest */ = {isa = PBXFileReference; explicitFileType = wrapper.cfbundle; includeInIndex = 0; path = Swift_UIUITests.xctest; sourceTree = BUILT_PRODUCTS_DIR; };
		5F0D36E81ED40B0F002AEE64 /* Swift_UIUITests.swift */ = {isa = PBXFileReference; lastKnownFileType = sourcecode.swift; path = Swift_UIUITests.swift; sourceTree = "<group>"; };
		5F0D36EA1ED40B0F002AEE64 /* Info.plist */ = {isa = PBXFileReference; lastKnownFileType = text.plist.xml; path = Info.plist; sourceTree = "<group>"; };
		5F0D36F61ED41A59002AEE64 /* SecondViewController.swift */ = {isa = PBXFileReference; fileEncoding = 4; lastKnownFileType = sourcecode.swift; path = SecondViewController.swift; sourceTree = "<group>"; };
		5F0D36F81ED42D2A002AEE64 /* ThirdViewController.swift */ = {isa = PBXFileReference; fileEncoding = 4; lastKnownFileType = sourcecode.swift; path = ThirdViewController.swift; sourceTree = "<group>"; };
		5FDEA80F1ED5244700282D9F /* Swift_UI-Bridging-Header.h */ = {isa = PBXFileReference; lastKnownFileType = sourcecode.c.h; path = "Swift_UI-Bridging-Header.h"; sourceTree = "<group>"; };
		5FDEA8101ED5244800282D9F /* ZYImageView.h */ = {isa = PBXFileReference; fileEncoding = 4; lastKnownFileType = sourcecode.c.h; path = ZYImageView.h; sourceTree = "<group>"; };
		5FDEA8111ED5244800282D9F /* ZYImageView.m */ = {isa = PBXFileReference; fileEncoding = 4; lastKnownFileType = sourcecode.c.objc; path = ZYImageView.m; sourceTree = "<group>"; };
		5FDEA8131ED5277700282D9F /* 160PG21006-1.jpg */ = {isa = PBXFileReference; lastKnownFileType = image.jpeg; path = "160PG21006-1.jpg"; sourceTree = "<group>"; };
/* End PBXFileReference section */

/* Begin PBXFrameworksBuildPhase section */
		5F0D36C21ED40B0F002AEE64 /* Frameworks */ = {
			isa = PBXFrameworksBuildPhase;
			buildActionMask = 2147483647;
			files = (
			);
			runOnlyForDeploymentPostprocessing = 0;
		};
		5F0D36D61ED40B0F002AEE64 /* Frameworks */ = {
			isa = PBXFrameworksBuildPhase;
			buildActionMask = 2147483647;
			files = (
			);
			runOnlyForDeploymentPostprocessing = 0;
		};
		5F0D36E11ED40B0F002AEE64 /* Frameworks */ = {
			isa = PBXFrameworksBuildPhase;
			buildActionMask = 2147483647;
			files = (
			);
			runOnlyForDeploymentPostprocessing = 0;
		};
/* End PBXFrameworksBuildPhase section */

/* Begin PBXGroup section */
		5F0D36BC1ED40B0F002AEE64 = {
			isa = PBXGroup;
			children = (
				5F0D36C71ED40B0F002AEE64 /* Swift_UI */,
				5F0D36DC1ED40B0F002AEE64 /* Swift_UITests */,
				5F0D36E71ED40B0F002AEE64 /* Swift_UIUITests */,
				5F0D36C61ED40B0F002AEE64 /* Products */,
			);
			sourceTree = "<group>";
		};
		5F0D36C61ED40B0F002AEE64 /* Products */ = {
			isa = PBXGroup;
			children = (
				5F0D36C51ED40B0F002AEE64 /* Swift_UI.app */,
				5F0D36D91ED40B0F002AEE64 /* Swift_UITests.xctest */,
				5F0D36E41ED40B0F002AEE64 /* Swift_UIUITests.xctest */,
			);
			name = Products;
			sourceTree = "<group>";
		};
		5F0D36C71ED40B0F002AEE64 /* Swift_UI */ = {
			isa = PBXGroup;
			children = (
				5FDEA8131ED5277700282D9F /* 160PG21006-1.jpg */,
				5F0D36C81ED40B0F002AEE64 /* AppDelegate.swift */,
				5F0D36CA1ED40B0F002AEE64 /* ViewController.swift */,
				5F0D36F61ED41A59002AEE64 /* SecondViewController.swift */,
				5F0D36F81ED42D2A002AEE64 /* ThirdViewController.swift */,
				5F0D36CC1ED40B0F002AEE64 /* Main.storyboard */,
				5F0D36CF1ED40B0F002AEE64 /* Assets.xcassets */,
				5F0D36D11ED40B0F002AEE64 /* LaunchScreen.storyboard */,
				5F0D36D41ED40B0F002AEE64 /* Info.plist */,
				5FDEA8101ED5244800282D9F /* ZYImageView.h */,
				5FDEA8111ED5244800282D9F /* ZYImageView.m */,
				5FDEA80F1ED5244700282D9F /* Swift_UI-Bridging-Header.h */,
			);
			path = Swift_UI;
			sourceTree = "<group>";
		};
		5F0D36DC1ED40B0F002AEE64 /* Swift_UITests */ = {
			isa = PBXGroup;
			children = (
				5F0D36DD1ED40B0F002AEE64 /* Swift_UITests.swift */,
				5F0D36DF1ED40B0F002AEE64 /* Info.plist */,
			);
			path = Swift_UITests;
			sourceTree = "<group>";
		};
		5F0D36E71ED40B0F002AEE64 /* Swift_UIUITests */ = {
			isa = PBXGroup;
			children = (
				5F0D36E81ED40B0F002AEE64 /* Swift_UIUITests.swift */,
				5F0D36EA1ED40B0F002AEE64 /* Info.plist */,
			);
			path = Swift_UIUITests;
			sourceTree = "<group>";
		};
/* End PBXGroup section */

/* Begin PBXNativeTarget section */
		5F0D36C41ED40B0F002AEE64 /* Swift_UI */ = {
			isa = PBXNativeTarget;
			buildConfigurationList = 5F0D36ED1ED40B0F002AEE64 /* Build configuration list for PBXNativeTarget "Swift_UI" */;
			buildPhases = (
				5F0D36C11ED40B0F002AEE64 /* Sources */,
				5F0D36C21ED40B0F002AEE64 /* Frameworks */,
				5F0D36C31ED40B0F002AEE64 /* Resources */,
			);
			buildRules = (
			);
			dependencies = (
			);
			name = Swift_UI;
			productName = Swift_UI;
			productReference = 5F0D36C51ED40B0F002AEE64 /* Swift_UI.app */;
			productType = "com.apple.product-type.application";
		};
		5F0D36D81ED40B0F002AEE64 /* Swift_UITests */ = {
			isa = PBXNativeTarget;
			buildConfigurationList = 5F0D36F01ED40B0F002AEE64 /* Build configuration list for PBXNativeTarget "Swift_UITests" */;
			buildPhases = (
				5F0D36D51ED40B0F002AEE64 /* Sources */,
				5F0D36D61ED40B0F002AEE64 /* Frameworks */,
				5F0D36D71ED40B0F002AEE64 /* Resources */,
			);
			buildRules = (
			);
			dependencies = (
				5F0D36DB1ED40B0F002AEE64 /* PBXTargetDependency */,
			);
			name = Swift_UITests;
			productName = Swift_UITests;
			productReference = 5F0D36D91ED40B0F002AEE64 /* Swift_UITests.xctest */;
			productType = "com.apple.product-type.bundle.unit-test";
		};
		5F0D36E31ED40B0F002AEE64 /* Swift_UIUITests */ = {
			isa = PBXNativeTarget;
			buildConfigurationList = 5F0D36F31ED40B0F002AEE64 /* Build configuration list for PBXNativeTarget "Swift_UIUITests" */;
			buildPhases = (
				5F0D36E01ED40B0F002AEE64 /* Sources */,
				5F0D36E11ED40B0F002AEE64 /* Frameworks */,
				5F0D36E21ED40B0F002AEE64 /* Resources */,
			);
			buildRules = (
			);
			dependencies = (
				5F0D36E61ED40B0F002AEE64 /* PBXTargetDependency */,
			);
			name = Swift_UIUITests;
			productName = Swift_UIUITests;
			productReference = 5F0D36E41ED40B0F002AEE64 /* Swift_UIUITests.xctest */;
			productType = "com.apple.product-type.bundle.ui-testing";
		};
/* End PBXNativeTarget section */

/* Begin PBXProject section */
		5F0D36BD1ED40B0F002AEE64 /* Project object */ = {
			isa = PBXProject;
			attributes = {
				LastSwiftUpdateCheck = 0830;
				LastUpgradeCheck = 0830;
				ORGANIZATIONNAME = PX;
				TargetAttributes = {
					5F0D36C41ED40B0F002AEE64 = {
						CreatedOnToolsVersion = 8.3.2;
						DevelopmentTeam = Z95K34TV3H;
						LastSwiftMigration = 0830;
						ProvisioningStyle = Automatic;
					};
					5F0D36D81ED40B0F002AEE64 = {
						CreatedOnToolsVersion = 8.3.2;
						DevelopmentTeam = Z95K34TV3H;
						ProvisioningStyle = Automatic;
						TestTargetID = 5F0D36C41ED40B0F002AEE64;
					};
					5F0D36E31ED40B0F002AEE64 = {
						CreatedOnToolsVersion = 8.3.2;
						DevelopmentTeam = Z95K34TV3H;
						ProvisioningStyle = Automatic;
						TestTargetID = 5F0D36C41ED40B0F002AEE64;
					};
				};
			};
			buildConfigurationList = 5F0D36C01ED40B0F002AEE64 /* Build configuration list for PBXProject "Swift_UI" */;
			compatibilityVersion = "Xcode 3.2";
			developmentRegion = English;
			hasScannedForEncodings = 0;
			knownRegions = (
				en,
				Base,
			);
			mainGroup = 5F0D36BC1ED40B0F002AEE64;
			productRefGroup = 5F0D36C61ED40B0F002AEE64 /* Products */;
			projectDirPath = "";
			projectRoot = "";
			targets = (
				5F0D36C41ED40B0F002AEE64 /* Swift_UI */,
				5F0D36D81ED40B0F002AEE64 /* Swift_UITests */,
				5F0D36E31ED40B0F002AEE64 /* Swift_UIUITests */,
			);
		};
/* End PBXProject section */

/* Begin PBXResourcesBuildPhase section */
		5F0D36C31ED40B0F002AEE64 /* Resources */ = {
			isa = PBXResourcesBuildPhase;
			buildActionMask = 2147483647;
			files = (
				5FDEA8141ED5277700282D9F /* 160PG21006-1.jpg in Resources */,
				5F0D36D31ED40B0F002AEE64 /* LaunchScreen.storyboard in Resources */,
				5F0D36D01ED40B0F002AEE64 /* Assets.xcassets in Resources */,
				5F0D36CE1ED40B0F002AEE64 /* Main.storyboard in Resources */,
			);
			runOnlyForDeploymentPostprocessing = 0;
		};
		5F0D36D71ED40B0F002AEE64 /* Resources */ = {
			isa = PBXResourcesBuildPhase;
			buildActionMask = 2147483647;
			files = (
			);
			runOnlyForDeploymentPostprocessing = 0;
		};
		5F0D36E21ED40B0F002AEE64 /* Resources */ = {
			isa = PBXResourcesBuildPhase;
			buildActionMask = 2147483647;
			files = (
			);
			runOnlyForDeploymentPostprocessing = 0;
		};
/* End PBXResourcesBuildPhase section */

/* Begin PBXSourcesBuildPhase section */
		5F0D36C11ED40B0F002AEE64 /* Sources */ = {
			isa = PBXSourcesBuildPhase;
			buildActionMask = 2147483647;
			files = (
				5F0D36F71ED41A59002AEE64 /* SecondViewController.swift in Sources */,
				5F0D36CB1ED40B0F002AEE64 /* ViewController.swift in Sources */,
				5FDEA8121ED5244800282D9F /* ZYImageView.m in Sources */,
				5F0D36F91ED42D2B002AEE64 /* ThirdViewController.swift in Sources */,
				5F0D36C91ED40B0F002AEE64 /* AppDelegate.swift in Sources */,
			);
			runOnlyForDeploymentPostprocessing = 0;
		};
		5F0D36D51ED40B0F002AEE64 /* Sources */ = {
			isa = PBXSourcesBuildPhase;
			buildActionMask = 2147483647;
			files = (
				5F0D36DE1ED40B0F002AEE64 /* Swift_UITests.swift in Sources */,
			);
			runOnlyForDeploymentPostprocessing = 0;
		};
		5F0D36E01ED40B0F002AEE64 /* Sources */ = {
			isa = PBXSourcesBuildPhase;
			buildActionMask = 2147483647;
			files = (
				5F0D36E91ED40B0F002AEE64 /* Swift_UIUITests.swift in Sources */,
			);
			runOnlyForDeploymentPostprocessing = 0;
		};
/* End PBXSourcesBuildPhase section */

/* Begin PBXTargetDependency section */
		5F0D36DB1ED40B0F002AEE64 /* PBXTargetDependency */ = {
			isa = PBXTargetDependency;
			target = 5F0D36C41ED40B0F002AEE64 /* Swift_UI */;
			targetProxy = 5F0D36DA1ED40B0F002AEE64 /* PBXContainerItemProxy */;
		};
		5F0D36E61ED40B0F002AEE64 /* PBXTargetDependency */ = {
			isa = PBXTargetDependency;
			target = 5F0D36C41ED40B0F002AEE64 /* Swift_UI */;
			targetProxy = 5F0D36E51ED40B0F002AEE64 /* PBXContainerItemProxy */;
		};
/* End PBXTargetDependency section */

/* Begin PBXVariantGroup section */
		5F0D36CC1ED40B0F002AEE64 /* Main.storyboard */ = {
			isa = PBXVariantGroup;
			children = (
				5F0D36CD1ED40B0F002AEE64 /* Base */,
			);
			name = Main.storyboard;
			sourceTree = "<group>";
		};
		5F0D36D11ED40B0F002AEE64 /* LaunchScreen.storyboard */ = {
			isa = PBXVariantGroup;
			children = (
				5F0D36D21ED40B0F002AEE64 /* Base */,
			);
			name = LaunchScreen.storyboard;
			sourceTree = "<group>";
		};
/* End PBXVariantGroup section */

/* Begin XCBuildConfiguration section */
		5F0D36EB1ED40B0F002AEE64 /* Debug */ = {
			isa = XCBuildConfiguration;
			buildSettings = {
				ALWAYS_SEARCH_USER_PATHS = NO;
				CLANG_ANALYZER_NONNULL = YES;
				CLANG_ANALYZER_NUMBER_OBJECT_CONVERSION = YES_AGGRESSIVE;
				CLANG_CXX_LANGUAGE_STANDARD = "gnu++0x";
				CLANG_CXX_LIBRARY = "libc++";
				CLANG_ENABLE_MODULES = YES;
				CLANG_ENABLE_OBJC_ARC = YES;
				CLANG_WARN_BOOL_CONVERSION = YES;
				CLANG_WARN_CONSTANT_CONVERSION = YES;
				CLANG_WARN_DIRECT_OBJC_ISA_USAGE = YES_ERROR;
				CLANG_WARN_DOCUMENTATION_COMMENTS = YES;
				CLANG_WARN_EMPTY_BODY = YES;
				CLANG_WARN_ENUM_CONVERSION = YES;
				CLANG_WARN_INFINITE_RECURSION = YES;
				CLANG_WARN_INT_CONVERSION = YES;
				CLANG_WARN_OBJC_ROOT_CLASS = YES_ERROR;
				CLANG_WARN_SUSPICIOUS_MOVE = YES;
				CLANG_WARN_UNREACHABLE_CODE = YES;
				CLANG_WARN__DUPLICATE_METHOD_MATCH = YES;
				"CODE_SIGN_IDENTITY[sdk=iphoneos*]" = "iPhone Developer";
				COPY_PHASE_STRIP = NO;
				DEBUG_INFORMATION_FORMAT = dwarf;
				ENABLE_STRICT_OBJC_MSGSEND = YES;
				ENABLE_TESTABILITY = YES;
				GCC_C_LANGUAGE_STANDARD = gnu99;
				GCC_DYNAMIC_NO_PIC = NO;
				GCC_NO_COMMON_BLOCKS = YES;
				GCC_OPTIMIZATION_LEVEL = 0;
				GCC_PREPROCESSOR_DEFINITIONS = (
					"DEBUG=1",
					"$(inherited)",
				);
				GCC_WARN_64_TO_32_BIT_CONVERSION = YES;
				GCC_WARN_ABOUT_RETURN_TYPE = YES_ERROR;
				GCC_WARN_UNDECLARED_SELECTOR = YES;
				GCC_WARN_UNINITIALIZED_AUTOS = YES_AGGRESSIVE;
				GCC_WARN_UNUSED_FUNCTION = YES;
				GCC_WARN_UNUSED_VARIABLE = YES;
				IPHONEOS_DEPLOYMENT_TARGET = 10.3;
				MTL_ENABLE_DEBUG_INFO = YES;
				ONLY_ACTIVE_ARCH = YES;
				SDKROOT = iphoneos;
				SWIFT_ACTIVE_COMPILATION_CONDITIONS = DEBUG;
				SWIFT_OPTIMIZATION_LEVEL = "-Onone";
				TARGETED_DEVICE_FAMILY = "1,2";
			};
			name = Debug;
		};
		5F0D36EC1ED40B0F002AEE64 /* Release */ = {
			isa = XCBuildConfiguration;
			buildSettings = {
				ALWAYS_SEARCH_USER_PATHS = NO;
				CLANG_ANALYZER_NONNULL = YES;
				CLANG_ANALYZER_NUMBER_OBJECT_CONVERSION = YES_AGGRESSIVE;
				CLANG_CXX_LANGUAGE_STANDARD = "gnu++0x";
				CLANG_CXX_LIBRARY = "libc++";
				CLANG_ENABLE_MODULES = YES;
				CLANG_ENABLE_OBJC_ARC = YES;
				CLANG_WARN_BOOL_CONVERSION = YES;
				CLANG_WARN_CONSTANT_CONVERSION = YES;
				CLANG_WARN_DIRECT_OBJC_ISA_USAGE = YES_ERROR;
				CLANG_WARN_DOCUMENTATION_COMMENTS = YES;
				CLANG_WARN_EMPTY_BODY = YES;
				CLANG_WARN_ENUM_CONVERSION = YES;
				CLANG_WARN_INFINITE_RECURSION = YES;
				CLANG_WARN_INT_CONVERSION = YES;
				CLANG_WARN_OBJC_ROOT_CLASS = YES_ERROR;
				CLANG_WARN_SUSPICIOUS_MOVE = YES;
				CLANG_WARN_UNREACHABLE_CODE = YES;
				CLANG_WARN__DUPLICATE_METHOD_MATCH = YES;
				"CODE_SIGN_IDENTITY[sdk=iphoneos*]" = "iPhone Developer";
				COPY_PHASE_STRIP = NO;
				DEBUG_INFORMATION_FORMAT = "dwarf-with-dsym";
				ENABLE_NS_ASSERTIONS = NO;
				ENABLE_STRICT_OBJC_MSGSEND = YES;
				GCC_C_LANGUAGE_STANDARD = gnu99;
				GCC_NO_COMMON_BLOCKS = YES;
				GCC_WARN_64_TO_32_BIT_CONVERSION = YES;
				GCC_WARN_ABOUT_RETURN_TYPE = YES_ERROR;
				GCC_WARN_UNDECLARED_SELECTOR = YES;
				GCC_WARN_UNINITIALIZED_AUTOS = YES_AGGRESSIVE;
				GCC_WARN_UNUSED_FUNCTION = YES;
				GCC_WARN_UNUSED_VARIABLE = YES;
				IPHONEOS_DEPLOYMENT_TARGET = 10.3;
				MTL_ENABLE_DEBUG_INFO = NO;
				SDKROOT = iphoneos;
				SWIFT_OPTIMIZATION_LEVEL = "-Owholemodule";
				TARGETED_DEVICE_FAMILY = "1,2";
				VALIDATE_PRODUCT = YES;
			};
			name = Release;
		};
		5F0D36EE1ED40B0F002AEE64 /* Debug */ = {
			isa = XCBuildConfiguration;
			buildSettings = {
				ASSETCATALOG_COMPILER_APPICON_NAME = AppIcon;
				CLANG_ENABLE_MODULES = YES;
				DEVELOPMENT_TEAM = Z95K34TV3H;
				INFOPLIST_FILE = Swift_UI/Info.plist;
				LD_RUNPATH_SEARCH_PATHS = "$(inherited) @executable_path/Frameworks";
				PRODUCT_BUNDLE_IDENTIFIER = "PX.Swift-UI";
				PRODUCT_NAME = "$(TARGET_NAME)";
				SWIFT_OBJC_BRIDGING_HEADER = "Swift_UI/Swift_UI-Bridging-Header.h";
				SWIFT_OPTIMIZATION_LEVEL = "-Onone";
				SWIFT_VERSION = 3.0;
			};
			name = Debug;
		};
		5F0D36EF1ED40B0F002AEE64 /* Release */ = {
			isa = XCBuildConfiguration;
			buildSettings = {
				ASSETCATALOG_COMPILER_APPICON_NAME = AppIcon;
				CLANG_ENABLE_MODULES = YES;
				DEVELOPMENT_TEAM = Z95K34TV3H;
				INFOPLIST_FILE = Swift_UI/Info.plist;
				LD_RUNPATH_SEARCH_PATHS = "$(inherited) @executable_path/Frameworks";
				PRODUCT_BUNDLE_IDENTIFIER = "PX.Swift-UI";
				PRODUCT_NAME = "$(TARGET_NAME)";
				SWIFT_OBJC_BRIDGING_HEADER = "Swift_UI/Swift_UI-Bridging-Header.h";
				SWIFT_VERSION = 3.0;
			};
			name = Release;
		};
		5F0D36F11ED40B0F002AEE64 /* Debug */ = {
			isa = XCBuildConfiguration;
			buildSettings = {
				ALWAYS_EMBED_SWIFT_STANDARD_LIBRARIES = YES;
				BUNDLE_LOADER = "$(TEST_HOST)";
				DEVELOPMENT_TEAM = Z95K34TV3H;
				INFOPLIST_FILE = Swift_UITests/Info.plist;
				LD_RUNPATH_SEARCH_PATHS = "$(inherited) @executable_path/Frameworks @loader_path/Frameworks";
				PRODUCT_BUNDLE_IDENTIFIER = "PX.Swift-UITests";
				PRODUCT_NAME = "$(TARGET_NAME)";
				SWIFT_VERSION = 3.0;
				TEST_HOST = "$(BUILT_PRODUCTS_DIR)/Swift_UI.app/Swift_UI";
			};
			name = Debug;
		};
		5F0D36F21ED40B0F002AEE64 /* Release */ = {
			isa = XCBuildConfiguration;
			buildSettings = {
				ALWAYS_EMBED_SWIFT_STANDARD_LIBRARIES = YES;
				BUNDLE_LOADER = "$(TEST_HOST)";
				DEVELOPMENT_TEAM = Z95K34TV3H;
				INFOPLIST_FILE = Swift_UITests/Info.plist;
				LD_RUNPATH_SEARCH_PATHS = "$(inherited) @executable_path/Frameworks @loader_path/Frameworks";
				PRODUCT_BUNDLE_IDENTIFIER = "PX.Swift-UITests";
				PRODUCT_NAME = "$(TARGET_NAME)";
				SWIFT_VERSION = 3.0;
				TEST_HOST = "$(BUILT_PRODUCTS_DIR)/Swift_UI.app/Swift_UI";
			};
			name = Release;
		};
		5F0D36F41ED40B0F002AEE64 /* Debug */ = {
			isa = XCBuildConfiguration;
			buildSettings = {
				ALWAYS_EMBED_SWIFT_STANDARD_LIBRARIES = YES;
				DEVELOPMENT_TEAM = Z95K34TV3H;
				INFOPLIST_FILE = Swift_UIUITests/Info.plist;
				LD_RUNPATH_SEARCH_PATHS = "$(inherited) @executable_path/Frameworks @loader_path/Frameworks";
				PRODUCT_BUNDLE_IDENTIFIER = "PX.Swift-UIUITests";
				PRODUCT_NAME = "$(TARGET_NAME)";
				SWIFT_VERSION = 3.0;
				TEST_TARGET_NAME = Swift_UI;
			};
			name = Debug;
		};
		5F0D36F51ED40B0F002AEE64 /* Release */ = {
			isa = XCBuildConfiguration;
			buildSettings = {
				ALWAYS_EMBED_SWIFT_STANDARD_LIBRARIES = YES;
				DEVELOPMENT_TEAM = Z95K34TV3H;
				INFOPLIST_FILE = Swift_UIUITests/Info.plist;
				LD_RUNPATH_SEARCH_PATHS = "$(inherited) @executable_path/Frameworks @loader_path/Frameworks";
				PRODUCT_BUNDLE_IDENTIFIER = "PX.Swift-UIUITests";
				PRODUCT_NAME = "$(TARGET_NAME)";
				SWIFT_VERSION = 3.0;
				TEST_TARGET_NAME = Swift_UI;
			};
			name = Release;
		};
/* End XCBuildConfiguration section */

/* Begin XCConfigurationList section */
		5F0D36C01ED40B0F002AEE64 /* Build configuration list for PBXProject "Swift_UI" */ = {
			isa = XCConfigurationList;
			buildConfigurations = (
				5F0D36EB1ED40B0F002AEE64 /* Debug */,
				5F0D36EC1ED40B0F002AEE64 /* Release */,
			);
			defaultConfigurationIsVisible = 0;
			defaultConfigurationName = Release;
		};
		5F0D36ED1ED40B0F002AEE64 /* Build configuration list for PBXNativeTarget "Swift_UI" */ = {
			isa = XCConfigurationList;
			buildConfigurations = (
				5F0D36EE1ED40B0F002AEE64 /* Debug */,
				5F0D36EF1ED40B0F002AEE64 /* Release */,
			);
			defaultConfigurationIsVisible = 0;
			defaultConfigurationName = Release;
		};
		5F0D36F01ED40B0F002AEE64 /* Build configuration list for PBXNativeTarget "Swift_UITests" */ = {
			isa = XCConfigurationList;
			buildConfigurations = (
				5F0D36F11ED40B0F002AEE64 /* Debug */,
				5F0D36F21ED40B0F002AEE64 /* Release */,
			);
			defaultConfigurationIsVisible = 0;
			defaultConfigurationName = Release;
		};
		5F0D36F31ED40B0F002AEE64 /* Build configuration list for PBXNativeTarget "Swift_UIUITests" */ = {
			isa = XCConfigurationList;
			buildConfigurations = (
				5F0D36F41ED40B0F002AEE64 /* Debug */,
				5F0D36F51ED40B0F002AEE64 /* Release */,
			);
			defaultConfigurationIsVisible = 0;
			defaultConfigurationName = Release;
		};
/* End XCConfigurationList section */
	};
	rootObject = 5F0D36BD1ED40B0F002AEE64 /* Project object */;
}
