
Microsoft Visual Studio Solution File, Format Version 12.00
# Visual Studio 14
VisualStudioVersion = 14.0.25420.1
MinimumVisualStudioVersion = 10.0.40219.1
Project("{FAE04EC0-301F-11D3-BF4B-00C04F79EFBC}") = "Obligatorio I", "Obligatorio I\Obligatorio I.csproj", "{AB20E174-5543-43F3-AFEE-7CB51A1703ED}"
EndProject
Global
	GlobalSection(SolutionConfigurationPlatforms) = preSolution
		Debug|Any CPU = Debug|Any CPU
		Release|Any CPU = Release|Any CPU
	EndGlobalSection
	GlobalSection(ProjectConfigurationPlatforms) = postSolution
		{AB20E174-5543-43F3-AFEE-7CB51A1703ED}.Debug|Any CPU.ActiveCfg = Debug|Any CPU
		{AB20E174-5543-43F3-AFEE-7CB51A1703ED}.Debug|Any CPU.Build.0 = Debug|Any CPU
		{AB20E174-5543-43F3-AFEE-7CB51A1703ED}.Release|Any CPU.ActiveCfg = Release|Any CPU
		{AB20E174-5543-43F3-AFEE-7CB51A1703ED}.Release|Any CPU.Build.0 = Release|Any CPU
	EndGlobalSection
	GlobalSection(SolutionProperties) = preSolution
		HideSolutionNode = FALSE
	EndGlobalSection
EndGlobal
