
Microsoft Visual Studio Solution File, Format Version 12.00
# Visual Studio 2012
Project("{FAE04EC0-301F-11D3-BF4B-00C04F79EFBC}") = "MvcApplication1", "MvcApplication1\MvcApplication1.csproj", "{C6558D87-BFE2-4E9B-BFCB-1643158D888F}"
EndProject
Project("{FAE04EC0-301F-11D3-BF4B-00C04F79EFBC}") = "TwiterTest.Tests", "TwiterTest.Tests\TwiterTest.Tests.csproj", "{FB051859-1133-4903-A00A-4FCD51F7E090}"
EndProject
Global
	GlobalSection(SolutionConfigurationPlatforms) = preSolution
		Debug|Any CPU = Debug|Any CPU
		Release|Any CPU = Release|Any CPU
	EndGlobalSection
	GlobalSection(ProjectConfigurationPlatforms) = postSolution
		{C6558D87-BFE2-4E9B-BFCB-1643158D888F}.Debug|Any CPU.ActiveCfg = Debug|Any CPU
		{C6558D87-BFE2-4E9B-BFCB-1643158D888F}.Debug|Any CPU.Build.0 = Debug|Any CPU
		{C6558D87-BFE2-4E9B-BFCB-1643158D888F}.Release|Any CPU.ActiveCfg = Release|Any CPU
		{C6558D87-BFE2-4E9B-BFCB-1643158D888F}.Release|Any CPU.Build.0 = Release|Any CPU
		{FB051859-1133-4903-A00A-4FCD51F7E090}.Debug|Any CPU.ActiveCfg = Debug|Any CPU
		{FB051859-1133-4903-A00A-4FCD51F7E090}.Debug|Any CPU.Build.0 = Debug|Any CPU
		{FB051859-1133-4903-A00A-4FCD51F7E090}.Release|Any CPU.ActiveCfg = Release|Any CPU
		{FB051859-1133-4903-A00A-4FCD51F7E090}.Release|Any CPU.Build.0 = Release|Any CPU
	EndGlobalSection
	GlobalSection(SolutionProperties) = preSolution
		HideSolutionNode = FALSE
	EndGlobalSection
EndGlobal
