
Microsoft Visual Studio Solution File, Format Version 12.00
# Visual Studio Version 17
VisualStudioVersion = 17.1.32328.378
MinimumVisualStudioVersion = 10.0.40219.1
Project("{FAE04EC0-301F-11D3-BF4B-00C04F79EFBC}") = "ConsoleApp1", "ConsoleApp1\ConsoleApp1.csproj", "{DF366106-A82D-40A5-AA7C-96DD6CBBC731}"
EndProject
Global
	GlobalSection(SolutionConfigurationPlatforms) = preSolution
		Debug|Any CPU = Debug|Any CPU
		Release|Any CPU = Release|Any CPU
	EndGlobalSection
	GlobalSection(ProjectConfigurationPlatforms) = postSolution
		{DF366106-A82D-40A5-AA7C-96DD6CBBC731}.Debug|Any CPU.ActiveCfg = Debug|Any CPU
		{DF366106-A82D-40A5-AA7C-96DD6CBBC731}.Debug|Any CPU.Build.0 = Debug|Any CPU
		{DF366106-A82D-40A5-AA7C-96DD6CBBC731}.Release|Any CPU.ActiveCfg = Release|Any CPU
		{DF366106-A82D-40A5-AA7C-96DD6CBBC731}.Release|Any CPU.Build.0 = Release|Any CPU
	EndGlobalSection
	GlobalSection(SolutionProperties) = preSolution
		HideSolutionNode = FALSE
	EndGlobalSection
	GlobalSection(ExtensibilityGlobals) = postSolution
		SolutionGuid = {24E0EB00-60B1-4B7A-A509-92EFE8043F35}
	EndGlobalSection
EndGlobal
