
Microsoft Visual Studio Solution File, Format Version 12.00
# Visual Studio Version 16
VisualStudioVersion = 16.0.32413.511
MinimumVisualStudioVersion = 10.0.40219.1
Project("{FAE04EC0-301F-11D3-BF4B-00C04F79EFBC}") = "TestAppp_Sunil", "TestAppp_Sunil.csproj", "{2D20787C-E36E-476C-B377-682F4BE7163B}"
EndProject
Global
	GlobalSection(SolutionConfigurationPlatforms) = preSolution
		Debug|Any CPU = Debug|Any CPU
		Release|Any CPU = Release|Any CPU
	EndGlobalSection
	GlobalSection(ProjectConfigurationPlatforms) = postSolution
		{2D20787C-E36E-476C-B377-682F4BE7163B}.Debug|Any CPU.ActiveCfg = Debug|Any CPU
		{2D20787C-E36E-476C-B377-682F4BE7163B}.Debug|Any CPU.Build.0 = Debug|Any CPU
		{2D20787C-E36E-476C-B377-682F4BE7163B}.Release|Any CPU.ActiveCfg = Release|Any CPU
		{2D20787C-E36E-476C-B377-682F4BE7163B}.Release|Any CPU.Build.0 = Release|Any CPU
	EndGlobalSection
	GlobalSection(SolutionProperties) = preSolution
		HideSolutionNode = FALSE
	EndGlobalSection
	GlobalSection(ExtensibilityGlobals) = postSolution
		SolutionGuid = {867A4CF7-F58D-41AF-8334-02128C580D35}
	EndGlobalSection
EndGlobal
