// !$*UTF8*$!
{
	archiveVersion = 1;
	classes = {
	};
	objectVersion = 46;
	objects = {

/* Begin PBXBuildFile section */
		AE437F3A1C5AEF6100279BA2 /* main.m in Sources */ = {isa = PBXBuildFile; fileRef = AE437F391C5AEF6100279BA2 /* main.m */; };
		AE437F3D1C5AEF6100279BA2 /* AppDelegate.m in Sources */ = {isa = PBXBuildFile; fileRef = AE437F3C1C5AEF6100279BA2 /* AppDelegate.m */; };
		AE437F401C5AEF6100279BA2 /* ViewController.m in Sources */ = {isa = PBXBuildFile; fileRef = AE437F3F1C5AEF6100279BA2 /* ViewController.m */; };
		AE437F431C5AEF6100279BA2 /* Main.storyboard in Resources */ = {isa = PBXBuildFile; fileRef = AE437F411C5AEF6100279BA2 /* Main.storyboard */; };
		AE437F451C5AEF6200279BA2 /* Assets.xcassets in Resources */ = {isa = PBXBuildFile; fileRef = AE437F441C5AEF6200279BA2 /* Assets.xcassets */; };
		AE437F481C5AEF6200279BA2 /* LaunchScreen.storyboard in Resources */ = {isa = PBXBuildFile; fileRef = AE437F461C5AEF6200279BA2 /* LaunchScreen.storyboard */; };
		AE437F531C5AEF6200279BA2 /* _1_____Tests.m in Sources */ = {isa = PBXBuildFile; fileRef = AE437F521C5AEF6200279BA2 /* _1_____Tests.m */; };
		AE437F5E1C5AEF6200279BA2 /* _1_____UITests.m in Sources */ = {isa = PBXBuildFile; fileRef = AE437F5D1C5AEF6200279BA2 /* _1_____UITests.m */; };
		AE437F6C1C5AEF7200279BA2 /* blog.plist in Resources */ = {isa = PBXBuildFile; fileRef = AE437F6B1C5AEF7200279BA2 /* blog.plist */; };
		AE437F6F1C5AEF8F00279BA2 /* AMBlogModel.m in Sources */ = {isa = PBXBuildFile; fileRef = AE437F6E1C5AEF8F00279BA2 /* AMBlogModel.m */; };
		AE437F721C5AF23F00279BA2 /* AMBlogCell.m in Sources */ = {isa = PBXBuildFile; fileRef = AE437F711C5AF23F00279BA2 /* AMBlogCell.m */; };
		AE437F751C5AF5C500279BA2 /* AMBlogHeaderFooterView.m in Sources */ = {isa = PBXBuildFile; fileRef = AE437F741C5AF5C500279BA2 /* AMBlogHeaderFooterView.m */; };
		AE437F771C5B0C1300279BA2 /* AMInputView.xib in Resources */ = {isa = PBXBuildFile; fileRef = AE437F761C5B0C1300279BA2 /* AMInputView.xib */; };
		AE437F7A1C5B0D0500279BA2 /* AMInputView.m in Sources */ = {isa = PBXBuildFile; fileRef = AE437F791C5B0D0500279BA2 /* AMInputView.m */; };
/* End PBXBuildFile section */

/* Begin PBXContainerItemProxy section */
		AE437F4F1C5AEF6200279BA2 /* PBXContainerItemProxy */ = {
			isa = PBXContainerItemProxy;
			containerPortal = AE437F2D1C5AEF6100279BA2 /* Project object */;
			proxyType = 1;
			remoteGlobalIDString = AE437F341C5AEF6100279BA2;
			remoteInfo = "31-微博评论";
		};
		AE437F5A1C5AEF6200279BA2 /* PBXContainerItemProxy */ = {
			isa = PBXContainerItemProxy;
			containerPortal = AE437F2D1C5AEF6100279BA2 /* Project object */;
			proxyType = 1;
			remoteGlobalIDString = AE437F341C5AEF6100279BA2;
			remoteInfo = "31-微博评论";
		};
/* End PBXContainerItemProxy section */

/* Begin PBXFileReference section */
		AE437F351C5AEF6100279BA2 /* 31-微博评论.app */ = {isa = PBXFileReference; explicitFileType = wrapper.application; includeInIndex = 0; path = "31-微博评论.app"; sourceTree = BUILT_PRODUCTS_DIR; };
		AE437F391C5AEF6100279BA2 /* main.m */ = {isa = PBXFileReference; lastKnownFileType = sourcecode.c.objc; path = main.m; sourceTree = "<group>"; };
		AE437F3B1C5AEF6100279BA2 /* AppDelegate.h */ = {isa = PBXFileReference; lastKnownFileType = sourcecode.c.h; path = AppDelegate.h; sourceTree = "<group>"; };
		AE437F3C1C5AEF6100279BA2 /* AppDelegate.m */ = {isa = PBXFileReference; lastKnownFileType = sourcecode.c.objc; path = AppDelegate.m; sourceTree = "<group>"; };
		AE437F3E1C5AEF6100279BA2 /* ViewController.h */ = {isa = PBXFileReference; lastKnownFileType = sourcecode.c.h; path = ViewController.h; sourceTree = "<group>"; };
		AE437F3F1C5AEF6100279BA2 /* ViewController.m */ = {isa = PBXFileReference; lastKnownFileType = sourcecode.c.objc; path = ViewController.m; sourceTree = "<group>"; };
		AE437F421C5AEF6100279BA2 /* Base */ = {isa = PBXFileReference; lastKnownFileType = file.storyboard; name = Base; path = Base.lproj/Main.storyboard; sourceTree = "<group>"; };
		AE437F441C5AEF6200279BA2 /* Assets.xcassets */ = {isa = PBXFileReference; lastKnownFileType = folder.assetcatalog; path = Assets.xcassets; sourceTree = "<group>"; };
		AE437F471C5AEF6200279BA2 /* Base */ = {isa = PBXFileReference; lastKnownFileType = file.storyboard; name = Base; path = Base.lproj/LaunchScreen.storyboard; sourceTree = "<group>"; };
		AE437F491C5AEF6200279BA2 /* Info.plist */ = {isa = PBXFileReference; lastKnownFileType = text.plist.xml; path = Info.plist; sourceTree = "<group>"; };
		AE437F4E1C5AEF6200279BA2 /* 31-微博评论Tests.xctest */ = {isa = PBXFileReference; explicitFileType = wrapper.cfbundle; includeInIndex = 0; path = "31-微博评论Tests.xctest"; sourceTree = BUILT_PRODUCTS_DIR; };
		AE437F521C5AEF6200279BA2 /* _1_____Tests.m */ = {isa = PBXFileReference; lastKnownFileType = sourcecode.c.objc; path = "_1_____Tests.m"; sourceTree = "<group>"; };
		AE437F541C5AEF6200279BA2 /* Info.plist */ = {isa = PBXFileReference; lastKnownFileType = text.plist.xml; path = Info.plist; sourceTree = "<group>"; };
		AE437F591C5AEF6200279BA2 /* 31-微博评论UITests.xctest */ = {isa = PBXFileReference; explicitFileType = wrapper.cfbundle; includeInIndex = 0; path = "31-微博评论UITests.xctest"; sourceTree = BUILT_PRODUCTS_DIR; };
		AE437F5D1C5AEF6200279BA2 /* _1_____UITests.m */ = {isa = PBXFileReference; lastKnownFileType = sourcecode.c.objc; path = "_1_____UITests.m"; sourceTree = "<group>"; };
		AE437F5F1C5AEF6200279BA2 /* Info.plist */ = {isa = PBXFileReference; lastKnownFileType = text.plist.xml; path = Info.plist; sourceTree = "<group>"; };
		AE437F6B1C5AEF7200279BA2 /* blog.plist */ = {isa = PBXFileReference; fileEncoding = 4; lastKnownFileType = text.plist.xml; path = blog.plist; sourceTree = "<group>"; };
		AE437F6D1C5AEF8F00279BA2 /* AMBlogModel.h */ = {isa = PBXFileReference; fileEncoding = 4; lastKnownFileType = sourcecode.c.h; path = AMBlogModel.h; sourceTree = "<group>"; };
		AE437F6E1C5AEF8F00279BA2 /* AMBlogModel.m */ = {isa = PBXFileReference; fileEncoding = 4; lastKnownFileType = sourcecode.c.objc; path = AMBlogModel.m; sourceTree = "<group>"; };
		AE437F701C5AF23F00279BA2 /* AMBlogCell.h */ = {isa = PBXFileReference; fileEncoding = 4; lastKnownFileType = sourcecode.c.h; path = AMBlogCell.h; sourceTree = "<group>"; };
		AE437F711C5AF23F00279BA2 /* AMBlogCell.m */ = {isa = PBXFileReference; fileEncoding = 4; lastKnownFileType = sourcecode.c.objc; path = AMBlogCell.m; sourceTree = "<group>"; };
		AE437F731C5AF5C500279BA2 /* AMBlogHeaderFooterView.h */ = {isa = PBXFileReference; fileEncoding = 4; lastKnownFileType = sourcecode.c.h; path = AMBlogHeaderFooterView.h; sourceTree = "<group>"; };
		AE437F741C5AF5C500279BA2 /* AMBlogHeaderFooterView.m */ = {isa = PBXFileReference; fileEncoding = 4; lastKnownFileType = sourcecode.c.objc; path = AMBlogHeaderFooterView.m; sourceTree = "<group>"; };
		AE437F761C5B0C1300279BA2 /* AMInputView.xib */ = {isa = PBXFileReference; fileEncoding = 4; lastKnownFileType = file.xib; path = AMInputView.xib; sourceTree = "<group>"; };
		AE437F781C5B0D0500279BA2 /* AMInputView.h */ = {isa = PBXFileReference; fileEncoding = 4; lastKnownFileType = sourcecode.c.h; path = AMInputView.h; sourceTree = "<group>"; };
		AE437F791C5B0D0500279BA2 /* AMInputView.m */ = {isa = PBXFileReference; fileEncoding = 4; lastKnownFileType = sourcecode.c.objc; path = AMInputView.m; sourceTree = "<group>"; };
/* End PBXFileReference section */

/* Begin PBXFrameworksBuildPhase section */
		AE437F321C5AEF6100279BA2 /* Frameworks */ = {
			isa = PBXFrameworksBuildPhase;
			buildActionMask = 2147483647;
			files = (
			);
			runOnlyForDeploymentPostprocessing = 0;
		};
		AE437F4B1C5AEF6200279BA2 /* Frameworks */ = {
			isa = PBXFrameworksBuildPhase;
			buildActionMask = 2147483647;
			files = (
			);
			runOnlyForDeploymentPostprocessing = 0;
		};
		AE437F561C5AEF6200279BA2 /* Frameworks */ = {
			isa = PBXFrameworksBuildPhase;
			buildActionMask = 2147483647;
			files = (
			);
			runOnlyForDeploymentPostprocessing = 0;
		};
/* End PBXFrameworksBuildPhase section */

/* Begin PBXGroup section */
		AE437F2C1C5AEF6100279BA2 = {
			isa = PBXGroup;
			children = (
				AE437F371C5AEF6100279BA2 /* 31-微博评论 */,
				AE437F511C5AEF6200279BA2 /* 31-微博评论Tests */,
				AE437F5C1C5AEF6200279BA2 /* 31-微博评论UITests */,
				AE437F361C5AEF6100279BA2 /* Products */,
			);
			sourceTree = "<group>";
		};
		AE437F361C5AEF6100279BA2 /* Products */ = {
			isa = PBXGroup;
			children = (
				AE437F351C5AEF6100279BA2 /* 31-微博评论.app */,
				AE437F4E1C5AEF6200279BA2 /* 31-微博评论Tests.xctest */,
				AE437F591C5AEF6200279BA2 /* 31-微博评论UITests.xctest */,
			);
			name = Products;
			sourceTree = "<group>";
		};
		AE437F371C5AEF6100279BA2 /* 31-微博评论 */ = {
			isa = PBXGroup;
			children = (
				AE437F6B1C5AEF7200279BA2 /* blog.plist */,
				AE437F3B1C5AEF6100279BA2 /* AppDelegate.h */,
				AE437F3C1C5AEF6100279BA2 /* AppDelegate.m */,
				AE437F3E1C5AEF6100279BA2 /* ViewController.h */,
				AE437F3F1C5AEF6100279BA2 /* ViewController.m */,
				AE437F411C5AEF6100279BA2 /* Main.storyboard */,
				AE437F441C5AEF6200279BA2 /* Assets.xcassets */,
				AE437F461C5AEF6200279BA2 /* LaunchScreen.storyboard */,
				AE437F491C5AEF6200279BA2 /* Info.plist */,
				AE437F381C5AEF6100279BA2 /* Supporting Files */,
				AE437F6D1C5AEF8F00279BA2 /* AMBlogModel.h */,
				AE437F6E1C5AEF8F00279BA2 /* AMBlogModel.m */,
				AE437F701C5AF23F00279BA2 /* AMBlogCell.h */,
				AE437F711C5AF23F00279BA2 /* AMBlogCell.m */,
				AE437F731C5AF5C500279BA2 /* AMBlogHeaderFooterView.h */,
				AE437F741C5AF5C500279BA2 /* AMBlogHeaderFooterView.m */,
				AE437F761C5B0C1300279BA2 /* AMInputView.xib */,
				AE437F781C5B0D0500279BA2 /* AMInputView.h */,
				AE437F791C5B0D0500279BA2 /* AMInputView.m */,
			);
			path = "31-微博评论";
			sourceTree = "<group>";
		};
		AE437F381C5AEF6100279BA2 /* Supporting Files */ = {
			isa = PBXGroup;
			children = (
				AE437F391C5AEF6100279BA2 /* main.m */,
			);
			name = "Supporting Files";
			sourceTree = "<group>";
		};
		AE437F511C5AEF6200279BA2 /* 31-微博评论Tests */ = {
			isa = PBXGroup;
			children = (
				AE437F521C5AEF6200279BA2 /* _1_____Tests.m */,
				AE437F541C5AEF6200279BA2 /* Info.plist */,
			);
			path = "31-微博评论Tests";
			sourceTree = "<group>";
		};
		AE437F5C1C5AEF6200279BA2 /* 31-微博评论UITests */ = {
			isa = PBXGroup;
			children = (
				AE437F5D1C5AEF6200279BA2 /* _1_____UITests.m */,
				AE437F5F1C5AEF6200279BA2 /* Info.plist */,
			);
			path = "31-微博评论UITests";
			sourceTree = "<group>";
		};
/* End PBXGroup section */

/* Begin PBXNativeTarget section */
		AE437F341C5AEF6100279BA2 /* 31-微博评论 */ = {
			isa = PBXNativeTarget;
			buildConfigurationList = AE437F621C5AEF6200279BA2 /* Build configuration list for PBXNativeTarget "31-微博评论" */;
			buildPhases = (
				AE437F311C5AEF6100279BA2 /* Sources */,
				AE437F321C5AEF6100279BA2 /* Frameworks */,
				AE437F331C5AEF6100279BA2 /* Resources */,
			);
			buildRules = (
			);
			dependencies = (
			);
			name = "31-微博评论";
			productName = "31-微博评论";
			productReference = AE437F351C5AEF6100279BA2 /* 31-微博评论.app */;
			productType = "com.apple.product-type.application";
		};
		AE437F4D1C5AEF6200279BA2 /* 31-微博评论Tests */ = {
			isa = PBXNativeTarget;
			buildConfigurationList = AE437F651C5AEF6200279BA2 /* Build configuration list for PBXNativeTarget "31-微博评论Tests" */;
			buildPhases = (
				AE437F4A1C5AEF6200279BA2 /* Sources */,
				AE437F4B1C5AEF6200279BA2 /* Frameworks */,
				AE437F4C1C5AEF6200279BA2 /* Resources */,
			);
			buildRules = (
			);
			dependencies = (
				AE437F501C5AEF6200279BA2 /* PBXTargetDependency */,
			);
			name = "31-微博评论Tests";
			productName = "31-微博评论Tests";
			productReference = AE437F4E1C5AEF6200279BA2 /* 31-微博评论Tests.xctest */;
			productType = "com.apple.product-type.bundle.unit-test";
		};
		AE437F581C5AEF6200279BA2 /* 31-微博评论UITests */ = {
			isa = PBXNativeTarget;
			buildConfigurationList = AE437F681C5AEF6200279BA2 /* Build configuration list for PBXNativeTarget "31-微博评论UITests" */;
			buildPhases = (
				AE437F551C5AEF6200279BA2 /* Sources */,
				AE437F561C5AEF6200279BA2 /* Frameworks */,
				AE437F571C5AEF6200279BA2 /* Resources */,
			);
			buildRules = (
			);
			dependencies = (
				AE437F5B1C5AEF6200279BA2 /* PBXTargetDependency */,
			);
			name = "31-微博评论UITests";
			productName = "31-微博评论UITests";
			productReference = AE437F591C5AEF6200279BA2 /* 31-微博评论UITests.xctest */;
			productType = "com.apple.product-type.bundle.ui-testing";
		};
/* End PBXNativeTarget section */

/* Begin PBXProject section */
		AE437F2D1C5AEF6100279BA2 /* Project object */ = {
			isa = PBXProject;
			attributes = {
				LastUpgradeCheck = 0710;
				ORGANIZATIONNAME = teacher;
				TargetAttributes = {
					AE437F341C5AEF6100279BA2 = {
						CreatedOnToolsVersion = 7.1;
					};
					AE437F4D1C5AEF6200279BA2 = {
						CreatedOnToolsVersion = 7.1;
						TestTargetID = AE437F341C5AEF6100279BA2;
					};
					AE437F581C5AEF6200279BA2 = {
						CreatedOnToolsVersion = 7.1;
						TestTargetID = AE437F341C5AEF6100279BA2;
					};
				};
			};
			buildConfigurationList = AE437F301C5AEF6100279BA2 /* Build configuration list for PBXProject "31-微博评论" */;
			compatibilityVersion = "Xcode 3.2";
			developmentRegion = English;
			hasScannedForEncodings = 0;
			knownRegions = (
				en,
				Base,
			);
			mainGroup = AE437F2C1C5AEF6100279BA2;
			productRefGroup = AE437F361C5AEF6100279BA2 /* Products */;
			projectDirPath = "";
			projectRoot = "";
			targets = (
				AE437F341C5AEF6100279BA2 /* 31-微博评论 */,
				AE437F4D1C5AEF6200279BA2 /* 31-微博评论Tests */,
				AE437F581C5AEF6200279BA2 /* 31-微博评论UITests */,
			);
		};
/* End PBXProject section */

/* Begin PBXResourcesBuildPhase section */
		AE437F331C5AEF6100279BA2 /* Resources */ = {
			isa = PBXResourcesBuildPhase;
			buildActionMask = 2147483647;
			files = (
				AE437F6C1C5AEF7200279BA2 /* blog.plist in Resources */,
				AE437F481C5AEF6200279BA2 /* LaunchScreen.storyboard in Resources */,
				AE437F771C5B0C1300279BA2 /* AMInputView.xib in Resources */,
				AE437F451C5AEF6200279BA2 /* Assets.xcassets in Resources */,
				AE437F431C5AEF6100279BA2 /* Main.storyboard in Resources */,
			);
			runOnlyForDeploymentPostprocessing = 0;
		};
		AE437F4C1C5AEF6200279BA2 /* Resources */ = {
			isa = PBXResourcesBuildPhase;
			buildActionMask = 2147483647;
			files = (
			);
			runOnlyForDeploymentPostprocessing = 0;
		};
		AE437F571C5AEF6200279BA2 /* Resources */ = {
			isa = PBXResourcesBuildPhase;
			buildActionMask = 2147483647;
			files = (
			);
			runOnlyForDeploymentPostprocessing = 0;
		};
/* End PBXResourcesBuildPhase section */

/* Begin PBXSourcesBuildPhase section */
		AE437F311C5AEF6100279BA2 /* Sources */ = {
			isa = PBXSourcesBuildPhase;
			buildActionMask = 2147483647;
			files = (
				AE437F401C5AEF6100279BA2 /* ViewController.m in Sources */,
				AE437F3D1C5AEF6100279BA2 /* AppDelegate.m in Sources */,
				AE437F751C5AF5C500279BA2 /* AMBlogHeaderFooterView.m in Sources */,
				AE437F3A1C5AEF6100279BA2 /* main.m in Sources */,
				AE437F7A1C5B0D0500279BA2 /* AMInputView.m in Sources */,
				AE437F6F1C5AEF8F00279BA2 /* AMBlogModel.m in Sources */,
				AE437F721C5AF23F00279BA2 /* AMBlogCell.m in Sources */,
			);
			runOnlyForDeploymentPostprocessing = 0;
		};
		AE437F4A1C5AEF6200279BA2 /* Sources */ = {
			isa = PBXSourcesBuildPhase;
			buildActionMask = 2147483647;
			files = (
				AE437F531C5AEF6200279BA2 /* _1_____Tests.m in Sources */,
			);
			runOnlyForDeploymentPostprocessing = 0;
		};
		AE437F551C5AEF6200279BA2 /* Sources */ = {
			isa = PBXSourcesBuildPhase;
			buildActionMask = 2147483647;
			files = (
				AE437F5E1C5AEF6200279BA2 /* _1_____UITests.m in Sources */,
			);
			runOnlyForDeploymentPostprocessing = 0;
		};
/* End PBXSourcesBuildPhase section */

/* Begin PBXTargetDependency section */
		AE437F501C5AEF6200279BA2 /* PBXTargetDependency */ = {
			isa = PBXTargetDependency;
			target = AE437F341C5AEF6100279BA2 /* 31-微博评论 */;
			targetProxy = AE437F4F1C5AEF6200279BA2 /* PBXContainerItemProxy */;
		};
		AE437F5B1C5AEF6200279BA2 /* PBXTargetDependency */ = {
			isa = PBXTargetDependency;
			target = AE437F341C5AEF6100279BA2 /* 31-微博评论 */;
			targetProxy = AE437F5A1C5AEF6200279BA2 /* PBXContainerItemProxy */;
		};
/* End PBXTargetDependency section */

/* Begin PBXVariantGroup section */
		AE437F411C5AEF6100279BA2 /* Main.storyboard */ = {
			isa = PBXVariantGroup;
			children = (
				AE437F421C5AEF6100279BA2 /* Base */,
			);
			name = Main.storyboard;
			sourceTree = "<group>";
		};
		AE437F461C5AEF6200279BA2 /* LaunchScreen.storyboard */ = {
			isa = PBXVariantGroup;
			children = (
				AE437F471C5AEF6200279BA2 /* Base */,
			);
			name = LaunchScreen.storyboard;
			sourceTree = "<group>";
		};
/* End PBXVariantGroup section */

/* Begin XCBuildConfiguration section */
		AE437F601C5AEF6200279BA2 /* Debug */ = {
			isa = XCBuildConfiguration;
			buildSettings = {
				ALWAYS_SEARCH_USER_PATHS = NO;
				CLANG_CXX_LANGUAGE_STANDARD = "gnu++0x";
				CLANG_CXX_LIBRARY = "libc++";
				CLANG_ENABLE_MODULES = YES;
				CLANG_ENABLE_OBJC_ARC = YES;
				CLANG_WARN_BOOL_CONVERSION = YES;
				CLANG_WARN_CONSTANT_CONVERSION = YES;
				CLANG_WARN_DIRECT_OBJC_ISA_USAGE = YES_ERROR;
				CLANG_WARN_EMPTY_BODY = YES;
				CLANG_WARN_ENUM_CONVERSION = YES;
				CLANG_WARN_INT_CONVERSION = YES;
				CLANG_WARN_OBJC_ROOT_CLASS = YES_ERROR;
				CLANG_WARN_UNREACHABLE_CODE = YES;
				CLANG_WARN__DUPLICATE_METHOD_MATCH = YES;
				"CODE_SIGN_IDENTITY[sdk=iphoneos*]" = "iPhone Developer";
				COPY_PHASE_STRIP = NO;
				DEBUG_INFORMATION_FORMAT = dwarf;
				ENABLE_STRICT_OBJC_MSGSEND = YES;
				ENABLE_TESTABILITY = YES;
				GCC_C_LANGUAGE_STANDARD = gnu99;
				GCC_DYNAMIC_NO_PIC = NO;
				GCC_NO_COMMON_BLOCKS = YES;
				GCC_OPTIMIZATION_LEVEL = 0;
				GCC_PREPROCESSOR_DEFINITIONS = (
					"DEBUG=1",
					"$(inherited)",
				);
				GCC_WARN_64_TO_32_BIT_CONVERSION = YES;
				GCC_WARN_ABOUT_RETURN_TYPE = YES_ERROR;
				GCC_WARN_UNDECLARED_SELECTOR = YES;
				GCC_WARN_UNINITIALIZED_AUTOS = YES_AGGRESSIVE;
				GCC_WARN_UNUSED_FUNCTION = YES;
				GCC_WARN_UNUSED_VARIABLE = YES;
				IPHONEOS_DEPLOYMENT_TARGET = 9.1;
				MTL_ENABLE_DEBUG_INFO = YES;
				ONLY_ACTIVE_ARCH = YES;
				SDKROOT = iphoneos;
			};
			name = Debug;
		};
		AE437F611C5AEF6200279BA2 /* Release */ = {
			isa = XCBuildConfiguration;
			buildSettings = {
				ALWAYS_SEARCH_USER_PATHS = NO;
				CLANG_CXX_LANGUAGE_STANDARD = "gnu++0x";
				CLANG_CXX_LIBRARY = "libc++";
				CLANG_ENABLE_MODULES = YES;
				CLANG_ENABLE_OBJC_ARC = YES;
				CLANG_WARN_BOOL_CONVERSION = YES;
				CLANG_WARN_CONSTANT_CONVERSION = YES;
				CLANG_WARN_DIRECT_OBJC_ISA_USAGE = YES_ERROR;
				CLANG_WARN_EMPTY_BODY = YES;
				CLANG_WARN_ENUM_CONVERSION = YES;
				CLANG_WARN_INT_CONVERSION = YES;
				CLANG_WARN_OBJC_ROOT_CLASS = YES_ERROR;
				CLANG_WARN_UNREACHABLE_CODE = YES;
				CLANG_WARN__DUPLICATE_METHOD_MATCH = YES;
				"CODE_SIGN_IDENTITY[sdk=iphoneos*]" = "iPhone Developer";
				COPY_PHASE_STRIP = NO;
				DEBUG_INFORMATION_FORMAT = "dwarf-with-dsym";
				ENABLE_NS_ASSERTIONS = NO;
				ENABLE_STRICT_OBJC_MSGSEND = YES;
				GCC_C_LANGUAGE_STANDARD = gnu99;
				GCC_NO_COMMON_BLOCKS = YES;
				GCC_WARN_64_TO_32_BIT_CONVERSION = YES;
				GCC_WARN_ABOUT_RETURN_TYPE = YES_ERROR;
				GCC_WARN_UNDECLARED_SELECTOR = YES;
				GCC_WARN_UNINITIALIZED_AUTOS = YES_AGGRESSIVE;
				GCC_WARN_UNUSED_FUNCTION = YES;
				GCC_WARN_UNUSED_VARIABLE = YES;
				IPHONEOS_DEPLOYMENT_TARGET = 9.1;
				MTL_ENABLE_DEBUG_INFO = NO;
				SDKROOT = iphoneos;
				VALIDATE_PRODUCT = YES;
			};
			name = Release;
		};
		AE437F631C5AEF6200279BA2 /* Debug */ = {
			isa = XCBuildConfiguration;
			buildSettings = {
				ASSETCATALOG_COMPILER_APPICON_NAME = AppIcon;
				INFOPLIST_FILE = "31-微博评论/Info.plist";
				LD_RUNPATH_SEARCH_PATHS = "$(inherited) @executable_path/Frameworks";
				PRODUCT_BUNDLE_IDENTIFIER = "com.neuedu.www.-1-----";
				PRODUCT_NAME = "$(TARGET_NAME)";
			};
			name = Debug;
		};
		AE437F641C5AEF6200279BA2 /* Release */ = {
			isa = XCBuildConfiguration;
			buildSettings = {
				ASSETCATALOG_COMPILER_APPICON_NAME = AppIcon;
				INFOPLIST_FILE = "31-微博评论/Info.plist";
				LD_RUNPATH_SEARCH_PATHS = "$(inherited) @executable_path/Frameworks";
				PRODUCT_BUNDLE_IDENTIFIER = "com.neuedu.www.-1-----";
				PRODUCT_NAME = "$(TARGET_NAME)";
			};
			name = Release;
		};
		AE437F661C5AEF6200279BA2 /* Debug */ = {
			isa = XCBuildConfiguration;
			buildSettings = {
				BUNDLE_LOADER = "$(TEST_HOST)";
				INFOPLIST_FILE = "31-微博评论Tests/Info.plist";
				LD_RUNPATH_SEARCH_PATHS = "$(inherited) @executable_path/Frameworks @loader_path/Frameworks";
				PRODUCT_BUNDLE_IDENTIFIER = "com.neuedu.www.-1-----Tests";
				PRODUCT_NAME = "$(TARGET_NAME)";
				TEST_HOST = "$(BUILT_PRODUCTS_DIR)/31-微博评论.app/31-微博评论";
			};
			name = Debug;
		};
		AE437F671C5AEF6200279BA2 /* Release */ = {
			isa = XCBuildConfiguration;
			buildSettings = {
				BUNDLE_LOADER = "$(TEST_HOST)";
				INFOPLIST_FILE = "31-微博评论Tests/Info.plist";
				LD_RUNPATH_SEARCH_PATHS = "$(inherited) @executable_path/Frameworks @loader_path/Frameworks";
				PRODUCT_BUNDLE_IDENTIFIER = "com.neuedu.www.-1-----Tests";
				PRODUCT_NAME = "$(TARGET_NAME)";
				TEST_HOST = "$(BUILT_PRODUCTS_DIR)/31-微博评论.app/31-微博评论";
			};
			name = Release;
		};
		AE437F691C5AEF6200279BA2 /* Debug */ = {
			isa = XCBuildConfiguration;
			buildSettings = {
				INFOPLIST_FILE = "31-微博评论UITests/Info.plist";
				LD_RUNPATH_SEARCH_PATHS = "$(inherited) @executable_path/Frameworks @loader_path/Frameworks";
				PRODUCT_BUNDLE_IDENTIFIER = "com.neuedu.www.-1-----UITests";
				PRODUCT_NAME = "$(TARGET_NAME)";
				TEST_TARGET_NAME = "31-微博评论";
				USES_XCTRUNNER = YES;
			};
			name = Debug;
		};
		AE437F6A1C5AEF6200279BA2 /* Release */ = {
			isa = XCBuildConfiguration;
			buildSettings = {
				INFOPLIST_FILE = "31-微博评论UITests/Info.plist";
				LD_RUNPATH_SEARCH_PATHS = "$(inherited) @executable_path/Frameworks @loader_path/Frameworks";
				PRODUCT_BUNDLE_IDENTIFIER = "com.neuedu.www.-1-----UITests";
				PRODUCT_NAME = "$(TARGET_NAME)";
				TEST_TARGET_NAME = "31-微博评论";
				USES_XCTRUNNER = YES;
			};
			name = Release;
		};
/* End XCBuildConfiguration section */

/* Begin XCConfigurationList section */
		AE437F301C5AEF6100279BA2 /* Build configuration list for PBXProject "31-微博评论" */ = {
			isa = XCConfigurationList;
			buildConfigurations = (
				AE437F601C5AEF6200279BA2 /* Debug */,
				AE437F611C5AEF6200279BA2 /* Release */,
			);
			defaultConfigurationIsVisible = 0;
			defaultConfigurationName = Release;
		};
		AE437F621C5AEF6200279BA2 /* Build configuration list for PBXNativeTarget "31-微博评论" */ = {
			isa = XCConfigurationList;
			buildConfigurations = (
				AE437F631C5AEF6200279BA2 /* Debug */,
				AE437F641C5AEF6200279BA2 /* Release */,
			);
			defaultConfigurationIsVisible = 0;
		};
		AE437F651C5AEF6200279BA2 /* Build configuration list for PBXNativeTarget "31-微博评论Tests" */ = {
			isa = XCConfigurationList;
			buildConfigurations = (
				AE437F661C5AEF6200279BA2 /* Debug */,
				AE437F671C5AEF6200279BA2 /* Release */,
			);
			defaultConfigurationIsVisible = 0;
		};
		AE437F681C5AEF6200279BA2 /* Build configuration list for PBXNativeTarget "31-微博评论UITests" */ = {
			isa = XCConfigurationList;
			buildConfigurations = (
				AE437F691C5AEF6200279BA2 /* Debug */,
				AE437F6A1C5AEF6200279BA2 /* Release */,
			);
			defaultConfigurationIsVisible = 0;
		};
/* End XCConfigurationList section */
	};
	rootObject = AE437F2D1C5AEF6100279BA2 /* Project object */;
}
